{
  "version": "2",
  "remote": {
    "https://deno.land/std@0.170.0/encoding/base64.ts": "8605e018e49211efc767686f6f687827d7f5fd5217163e981d8d693105640d7a",
    "https://deno.land/std@0.170.0/fmt/colors.ts": "03ad95e543d2808bc43c17a3dd29d25b43d0f16287fe562a0be89bf632454a12",
    "https://deno.land/x/cliffy@v0.25.6/_utils/distance.ts": "02af166952c7c358ac83beae397aa2fbca4ad630aecfcd38d92edb1ea429f004",
    "https://deno.land/x/cliffy@v0.25.6/ansi/ansi.ts": "7f43d07d31dd7c24b721bb434c39cbb5132029fa4be3dd8938873065f65e5810",
    "https://deno.land/x/cliffy@v0.25.6/ansi/ansi_escapes.ts": "885f61f343223f27b8ec69cc138a54bea30542924eacd0f290cd84edcf691387",
    "https://deno.land/x/cliffy@v0.25.6/ansi/chain.ts": "31fb9fcbf72fed9f3eb9b9487270d2042ccd46a612d07dd5271b1a80ae2140a0",
    "https://deno.land/x/cliffy@v0.25.6/ansi/colors.ts": "5f71993af5bd1aa0a795b15f41692d556d7c89584a601fed75997df844b832c9",
    "https://deno.land/x/cliffy@v0.25.6/ansi/cursor_position.ts": "d537491e31d9c254b208277448eff92ff7f55978c4928dea363df92c0df0813f",
    "https://deno.land/x/cliffy@v0.25.6/ansi/deps.ts": "0f35cb7e91868ce81561f6a77426ea8bc55dc15e13f84c7352f211023af79053",
    "https://deno.land/x/cliffy@v0.25.6/ansi/mod.ts": "bb4e6588e6704949766205709463c8c33b30fec66c0b1846bc84a3db04a4e075",
    "https://deno.land/x/cliffy@v0.25.6/ansi/tty.ts": "8fb064c17ead6cdf00c2d3bc87a9fd17b1167f2daa575c42b516f38bdb604673",
    "https://deno.land/x/cliffy@v0.25.6/command/_errors.ts": "a9bd23dc816b32ec96c9b8f3057218241778d8c40333b43341138191450965e5",
    "https://deno.land/x/cliffy@v0.25.6/command/_utils.ts": "9ab3d69fabab6c335b881b8a5229cbd5db0c68f630a1c307aff988b6396d9baf",
    "https://deno.land/x/cliffy@v0.25.6/command/command.ts": "6ecc7c20e764246c021d92b12eea2226d08cb9688dffb5ac9b33277dbf16a2b0",
    "https://deno.land/x/cliffy@v0.25.6/command/completions/_bash_completions_generator.ts": "43b4abb543d4dc60233620d51e69d82d3b7c44e274e723681e0dce2a124f69f9",
    "https://deno.land/x/cliffy@v0.25.6/command/completions/_fish_completions_generator.ts": "d0289985f5cf0bd288c05273bfa286b24c27feb40822eb7fd9d7fee64e6580e8",
    "https://deno.land/x/cliffy@v0.25.6/command/completions/_zsh_completions_generator.ts": "14461eb274954fea4953ee75938821f721da7da607dc49bcc7db1e3f33a207bd",
    "https://deno.land/x/cliffy@v0.25.6/command/completions/bash.ts": "053aa2006ec327ccecacb00ba28e5eb836300e5c1bec1b3cfaee9ddcf8189756",
    "https://deno.land/x/cliffy@v0.25.6/command/completions/complete.ts": "58df61caa5e6220ff2768636a69337923ad9d4b8c1932aeb27165081c4d07d8b",
    "https://deno.land/x/cliffy@v0.25.6/command/completions/fish.ts": "9938beaa6458c6cf9e2eeda46a09e8cd362d4f8c6c9efe87d3cd8ca7477402a5",
    "https://deno.land/x/cliffy@v0.25.6/command/completions/mod.ts": "aeef7ec8e319bb157c39a4bab8030c9fe8fa327b4c1e94c9c1025077b45b40c0",
    "https://deno.land/x/cliffy@v0.25.6/command/completions/zsh.ts": "8b04ab244a0b582f7927d405e17b38602428eeb347a9968a657e7ea9f40e721a",
    "https://deno.land/x/cliffy@v0.25.6/command/deprecated.ts": "bbe6670f1d645b773d04b725b8b8e7814c862c9f1afba460c4d599ffe9d4983c",
    "https://deno.land/x/cliffy@v0.25.6/command/deps.ts": "bdf4eb349a6aa09beea1d2004edb232d5c91b252eff59f735ddd8b2be1f5915d",
    "https://deno.land/x/cliffy@v0.25.6/command/help/_help_generator.ts": "10d0192727b97354e5fedca28418df94d9bee09253f3afe5196e1285c5e987cc",
    "https://deno.land/x/cliffy@v0.25.6/command/help/mod.ts": "09d74d3eb42d21285407cda688074c29595d9c927b69aedf9d05ff3f215820d3",
    "https://deno.land/x/cliffy@v0.25.6/command/mod.ts": "d0a32df6b14028e43bb2d41fa87d24bc00f9662a44e5a177b3db02f93e473209",
    "https://deno.land/x/cliffy@v0.25.6/command/type.ts": "24e88e3085e1574662b856ccce70d589959648817135d4469fab67b9cce1b364",
    "https://deno.land/x/cliffy@v0.25.6/command/types.ts": "ae02eec0ed7a769f7dba2dd5d3a931a61724b3021271b1b565cf189d9adfd4a0",
    "https://deno.land/x/cliffy@v0.25.6/command/types/action_list.ts": "33c98d449617c7a563a535c9ceb3741bde9f6363353fd492f90a74570c611c27",
    "https://deno.land/x/cliffy@v0.25.6/command/types/boolean.ts": "3879ec16092b4b5b1a0acb8675f8c9250c0b8a972e1e4c7adfba8335bd2263ed",
    "https://deno.land/x/cliffy@v0.25.6/command/types/child_command.ts": "f1fca390c7fbfa7a713ca15ef55c2c7656bcbb394d50e8ef54085bdf6dc22559",
    "https://deno.land/x/cliffy@v0.25.6/command/types/command.ts": "325d0382e383b725fd8d0ef34ebaeae082c5b76a1f6f2e843fee5dbb1a4fe3ac",
    "https://deno.land/x/cliffy@v0.25.6/command/types/enum.ts": "2178345972adf7129a47e5f02856ca3e6852a91442a1c78307dffb8a6a3c6c9f",
    "https://deno.land/x/cliffy@v0.25.6/command/types/file.ts": "8618f16ac9015c8589cbd946b3de1988cc4899b90ea251f3325c93c46745140e",
    "https://deno.land/x/cliffy@v0.25.6/command/types/integer.ts": "29864725fd48738579d18123d7ee78fed37515e6dc62146c7544c98a82f1778d",
    "https://deno.land/x/cliffy@v0.25.6/command/types/number.ts": "aeba96e6f470309317a16b308c82e0e4138a830ec79c9877e4622c682012bc1f",
    "https://deno.land/x/cliffy@v0.25.6/command/types/string.ts": "e4dadb08a11795474871c7967beab954593813bb53d9f69ea5f9b734e43dc0e0",
    "https://deno.land/x/cliffy@v0.25.6/command/upgrade/mod.ts": "17e2df3b620905583256684415e6c4a31e8de5c59066eb6d6c9c133919292dc4",
    "https://deno.land/x/cliffy@v0.25.6/command/upgrade/provider.ts": "c6e8e0b8dc91359ece92f73061a218a8384790c29bc48feece9e81f5048611e7",
    "https://deno.land/x/cliffy@v0.25.6/command/upgrade/provider/deno_land.ts": "24f8d82e38c51e09be989f30f8ad21f9dd41ac1bb1973b443a13883e8ba06d6d",
    "https://deno.land/x/cliffy@v0.25.6/command/upgrade/provider/github.ts": "666f43d7ee687d90da42f1ab105c27f8f953db452f9a6bb88e68852cc813ad08",
    "https://deno.land/x/cliffy@v0.25.6/command/upgrade/provider/nest_land.ts": "0e07936cea04fa41ac9297f32d87f39152ea873970c54cb5b4934b12fee1885e",
    "https://deno.land/x/cliffy@v0.25.6/command/upgrade/upgrade_command.ts": "3640a287d914190241ea1e636774b1b4b0e1828fa75119971dd5304784061e05",
    "https://deno.land/x/cliffy@v0.25.6/flags/_errors.ts": "f1fbb6bfa009e7950508c9d491cfb4a5551027d9f453389606adb3f2327d048f",
    "https://deno.land/x/cliffy@v0.25.6/flags/_utils.ts": "340d3ecab43cde9489187e1f176504d2c58485df6652d1cdd907c0e9c3ce4cc2",
    "https://deno.land/x/cliffy@v0.25.6/flags/_validate_flags.ts": "16eb5837986c6f6f7620817820161a78d66ce92d690e3697068726bbef067452",
    "https://deno.land/x/cliffy@v0.25.6/flags/deprecated.ts": "a72a35de3cc7314e5ebea605ca23d08385b218ef171c32a3f135fb4318b08126",
    "https://deno.land/x/cliffy@v0.25.6/flags/flags.ts": "68a9dfcacc4983a84c07ba19b66e5e9fccd04389fad215210c60fb414cc62576",
    "https://deno.land/x/cliffy@v0.25.6/flags/types.ts": "7452ea5296758fb7af89930349ce40d8eb9a43b24b3f5759283e1cb5113075fd",
    "https://deno.land/x/cliffy@v0.25.6/flags/types/boolean.ts": "b21be165b49b8517372361642cffaeaa4f4bb69637994a9762ceba642fe39676",
    "https://deno.land/x/cliffy@v0.25.6/flags/types/integer.ts": "b60d4d590f309ddddf066782d43e4dc3799f0e7d08e5ede7dc62a5ee94b9a6d9",
    "https://deno.land/x/cliffy@v0.25.6/flags/types/number.ts": "610936e2d29de7c8c304b65489a75ebae17b005c6122c24e791fbed12444d51e",
    "https://deno.land/x/cliffy@v0.25.6/flags/types/string.ts": "e89b6a5ce322f65a894edecdc48b44956ec246a1d881f03e97bbda90dd8638c5",
    "https://deno.land/x/cliffy@v0.25.6/table/border.ts": "2514abae4e4f51eda60a5f8c927ba24efd464a590027e900926b38f68e01253c",
    "https://deno.land/x/cliffy@v0.25.6/table/cell.ts": "1d787d8006ac8302020d18ec39f8d7f1113612c20801b973e3839de9c3f8b7b3",
    "https://deno.land/x/cliffy@v0.25.6/table/deps.ts": "5b05fa56c1a5e2af34f2103fd199e5f87f0507549963019563eae519271819d2",
    "https://deno.land/x/cliffy@v0.25.6/table/layout.ts": "46bf10ae5430cf4fbb92f23d588230e9c6336edbdb154e5c9581290562b169f4",
    "https://deno.land/x/cliffy@v0.25.6/table/row.ts": "5f519ba7488d2ef76cbbf50527f10f7957bfd668ce5b9169abbc44ec88302645",
    "https://deno.land/x/cliffy@v0.25.6/table/table.ts": "ec204c9d08bb3ff1939c5ac7412a4c9ed7d00925d4fc92aff9bfe07bd269258d",
    "https://deno.land/x/cliffy@v0.25.6/table/utils.ts": "187bb7dcbcfb16199a5d906113f584740901dfca1007400cba0df7dcd341bc29",
    "https://deno.land/x/zod@v3.20.2/ZodError.ts": "b4ff327bd2870a7c0930b30cb1d6eb741d36a5a7d0755fc3aa7146c108bc8a0e",
    "https://deno.land/x/zod@v3.20.2/errors.ts": "5285922d2be9700cc0c70c95e4858952b07ae193aa0224be3cbd5cd5567eabef",
    "https://deno.land/x/zod@v3.20.2/external.ts": "a6cfbd61e9e097d5f42f8a7ed6f92f93f51ff927d29c9fbaec04f03cbce130fe",
    "https://deno.land/x/zod@v3.20.2/helpers/enumUtil.ts": "54efc393cc9860e687d8b81ff52e980def00fa67377ad0bf8b3104f8a5bf698c",
    "https://deno.land/x/zod@v3.20.2/helpers/errorUtil.ts": "7a77328240be7b847af6de9189963bd9f79cab32bbc61502a9db4fe6683e2ea7",
    "https://deno.land/x/zod@v3.20.2/helpers/parseUtil.ts": "920a5623929a4be9110412f82d16ccda537a58e153c942a6d6b8a38329f293a1",
    "https://deno.land/x/zod@v3.20.2/helpers/partialUtil.ts": "8dc921a02b47384cf52217c7e539268daf619f89319b75bdf13ea178815725df",
    "https://deno.land/x/zod@v3.20.2/helpers/typeAliases.ts": "0fda31a063c6736fc3cf9090dd94865c811dfff4f3cb8707b932bf937c6f2c3e",
    "https://deno.land/x/zod@v3.20.2/helpers/util.ts": "a2548e96d646ea4a80636e311e1e2310edc26d8249808883bb4e3ea9930d4197",
    "https://deno.land/x/zod@v3.20.2/index.ts": "035a7422d9f2be54daa0fe464254b69225b443000673e4794095d672471e8792",
    "https://deno.land/x/zod@v3.20.2/locales/en.ts": "ac7210faad6e67ec4f6dbe7062886f04db79ce91ae5ee6c9f64cbdf6221bc80e",
    "https://deno.land/x/zod@v3.20.2/mod.ts": "64e55237cb4410e17d968cd08975566059f27638ebb0b86048031b987ba251c4",
    "https://deno.land/x/zod@v3.20.2/types.ts": "82b5fbb30d1ad0ed4c212002ebf4d43f0b253921c358e205936e6ee2308914d1",
    "https://esm.sh/@graphql-typed-document-node/core@3.1.1": "a7595caaeb0620b9b64fccac4e248f766e288920c4c5133cdb3bfe025fc4ba95",
    "https://esm.sh/graphql-request@5.1.0": "8cc039332650bf6903c69f31699ddeb4b978604cbed61c61648107c52e1e3fce",
    "https://esm.sh/v102/@graphql-typed-document-node/core@3.1.1": "a7595caaeb0620b9b64fccac4e248f766e288920c4c5133cdb3bfe025fc4ba95",
    "https://esm.sh/v102/@graphql-typed-document-node/core@3.1.1/deno/core.js": "6d724bfd3cfe313daa18ba7f71bf1aefdcc818ce324ecf56fb25236bd4fb362b",
    "https://esm.sh/v102/@graphql-typed-document-node/core@3.1.1/dist/index.d.ts": "4c1e16b00b1ad7e96160087ac204febf6479fcffa730bae62b1d1335577af740",
    "https://esm.sh/v102/cross-fetch@3.1.5/deno/cross-fetch.js": "6623ff9b8dc94523869d9a2615cf6d2f02a918b3ae1c6ece9306cac9c641b054",
    "https://esm.sh/v102/extract-files@9.0.0/deno/extract-files.js": "5f39595acfeaaeb140f5bf24868166bc88781cf222805c965000821dd6b14d74",
    "https://esm.sh/v102/form-data@3.0.1/deno/form-data.js": "97a4e8863efbe876ca276d8f69ae34f7397c205787f2f38664e18ca2d00acf73",
    "https://esm.sh/v102/graphql-request@5.1.0/deno/graphql-request.js": "24d25ee17a4233b677a3641cba63b262f52f6a4bf79692bafbdc32ac64e4b84b",
    "https://esm.sh/v102/graphql-request@5.1.0/dist/graphql-ws.d.ts": "37c83651426552127c7fce418cebb817741ea729273dc59b8a5e08d79a40d5a6",
    "https://esm.sh/v102/graphql-request@5.1.0/dist/index.d.ts": "d6b3bed16dac1adf44a96f639b591022a07b306e111cc590e71bd972e1242d80",
    "https://esm.sh/v102/graphql-request@5.1.0/dist/resolveRequestDocument.d.ts": "8c565f21d6f09ef8951a52836ccfab832e3dec84246aa3a52fd59bdf26717a2b",
    "https://esm.sh/v102/graphql-request@5.1.0/dist/types.d.ts": "28943a25f2178da26ce9b79e30db6fb2c2806836f2886202aa8898f00fddc151",
    "https://esm.sh/v102/graphql-request@5.1.0/dist/types.dom.d.ts": "63cd8bd9d1db223cee286675d338fa8cd1f8f5c30635d4bdda65a90394b8b9ae",
    "https://esm.sh/v102/graphql@16.6.0/deno/graphql.js": "ca8e84cca7e0400dc9a25ce638822fb65101e2a48aa1bb5683f9977c1a910e74",
    "https://esm.sh/v102/graphql@16.6.0/error/GraphQLError.d.ts": "e159a655d3f485425c0b36d3708b53fb7b8455d56d17f634f5ac0c5a5b815ecf",
    "https://esm.sh/v102/graphql@16.6.0/error/GraphQLError/index.d.ts": "854cdc32752c20a63ea380b17a93c803d6d1e06fa939fdc231732a7b35e8a906",
    "https://esm.sh/v102/graphql@16.6.0/error/index.d.ts": "1a01eb6f84f3504a0b670315329b98f5f9b61611d4ee7b361814200df392eca3",
    "https://esm.sh/v102/graphql@16.6.0/error/locatedError.d.ts": "b3ade7da9ad22c24c27df44efc111e867d99463d917604c7a77960f70193ad74",
    "https://esm.sh/v102/graphql@16.6.0/error/syntaxError.d.ts": "066436cecb56b4b8804d0f026e1571a5dfc493fd8a659022c68bfd23d7521aae",
    "https://esm.sh/v102/graphql@16.6.0/execution/execute.d.ts": "1c92b5c17a4e4649251e30adf66aa197338001f3536114454cdd69d5eacab312",
    "https://esm.sh/v102/graphql@16.6.0/execution/index.d.ts": "a55365732f05ba33ff616a42455c3ab3a298d0a6985660b7a3c110b43c14adea",
    "https://esm.sh/v102/graphql@16.6.0/execution/subscribe.d.ts": "7157bc34ca12dfe18e5d0bba4457974d3eed5f1500c3a2272ea38e5f167edf84",
    "https://esm.sh/v102/graphql@16.6.0/execution/values.d.ts": "2f20a447381ffa39718f945164b568afb88fcbc2833c6e7bb5bf6047e126a1ea",
    "https://esm.sh/v102/graphql@16.6.0/graphql.d.ts": "ff31dcf3082db50c7f17ff648a9d643ef51e11ee2f39ae42197e9a394f86397b",
    "https://esm.sh/v102/graphql@16.6.0/index.d.ts": "cb6fa55717e3b1113291bc4a29a9a25a01b90f5870b6fb65a33acadbdda54dda",
    "https://esm.sh/v102/graphql@16.6.0/jsutils/Maybe.d.ts": "0804044cd0488cb7212ddbc1d0f8e1a5bd32970335dbfc613052304a1b0318f9",
    "https://esm.sh/v102/graphql@16.6.0/jsutils/ObjMap.d.ts": "85084ae98c1d319e38ef99b1216d3372a9afd7a368022c01c3351b339d52cb58",
    "https://esm.sh/v102/graphql@16.6.0/jsutils/Path.d.ts": "04825c22d0c91a56dc4311b003d822d12e5b79738309812dc3e27a1e637a8deb",
    "https://esm.sh/v102/graphql@16.6.0/jsutils/PromiseOrValue.d.ts": "692345a43bac37c507fa7065c554258435ab821bbe4fb44b513a70063e932b45",
    "https://esm.sh/v102/graphql@16.6.0/language/ast.d.ts": "c0de0da50d66fc80f5547b0216b21fb14fa3a0268ee9f23c41e1e3b8e793ab5e",
    "https://esm.sh/v102/graphql@16.6.0/language/ast/index.d.ts": "854cdc32752c20a63ea380b17a93c803d6d1e06fa939fdc231732a7b35e8a906",
    "https://esm.sh/v102/graphql@16.6.0/language/directiveLocation.d.ts": "de21641eb8edcbc08dd0db4ee70eea907cd07fe72267340b5571c92647f10a77",
    "https://esm.sh/v102/graphql@16.6.0/language/index.d.ts": "a4d5ef68f7f3689b289cb4599eb76fe00451e92aa7bd1077e48f1414584ded9e",
    "https://esm.sh/v102/graphql@16.6.0/language/kinds.d.ts": "cddd50d7bd9d7fddda91a576db9f61655d1a55e2d870f154485812f6e39d4c15",
    "https://esm.sh/v102/graphql@16.6.0/language/lexer.d.ts": "8d327131db69a9cc4d01e3473d842b6a81e4dc4715a279a859653811294932aa",
    "https://esm.sh/v102/graphql@16.6.0/language/location.d.ts": "ffbafb3cf8c8e4b3c1b4641cfa1baae87c5b4dc31b3fed0a7a0d05dbc57e76cc",
    "https://esm.sh/v102/graphql@16.6.0/language/parser.d.ts": "4169aa26c69995385813dd3ee5c6c736d9fb690dc58c5b88dcef398dd11d38ac",
    "https://esm.sh/v102/graphql@16.6.0/language/predicates.d.ts": "5ba295c85c52a4684099e49666f3e4f79b58a3864382d05df2d9114707aeebb4",
    "https://esm.sh/v102/graphql@16.6.0/language/printLocation.d.ts": "138c4e6156194af1d8b636a9fa9b186f37e4859d34145005efeec880017306f1",
    "https://esm.sh/v102/graphql@16.6.0/language/printer.d.ts": "9b3109d918ed04878463d75d466fecf531d6116d0e67f24f40d4534108e20b0d",
    "https://esm.sh/v102/graphql@16.6.0/language/source.d.ts": "b725acb041d2a18fde8f46c48a1408418489c4aa222f559b1ef47bf267cb4be0",
    "https://esm.sh/v102/graphql@16.6.0/language/tokenKind.d.ts": "0539583b089247b73a21eb4a5f7e43208a129df6300d6b829dc1039b79b6c8c4",
    "https://esm.sh/v102/graphql@16.6.0/language/visitor.d.ts": "eb8528e4f841d4140f8cba3b14cdd5818b1762dba169e7b34bed388e86d6472f",
    "https://esm.sh/v102/graphql@16.6.0/subscription/index.d.ts": "84983e86669718e816659194b9ba6027450c27a4639c5a594469a65b2f954320",
    "https://esm.sh/v102/graphql@16.6.0/type/assertName.d.ts": "93551b302a808f226f0846ad8012354f2d53d6dedc33b540d6ca69836781a574",
    "https://esm.sh/v102/graphql@16.6.0/type/definition.d.ts": "fa119fee8bb68f72f594d140d7ac6197f01876dc97cbffa997b8d7c8130ca2af",
    "https://esm.sh/v102/graphql@16.6.0/type/directives.d.ts": "23c2cd1bfcf77e553473abcfb680f4bd07d13724fdac32fffd8456b5e91ffc92",
    "https://esm.sh/v102/graphql@16.6.0/type/index.d.ts": "d755a8b8126be4f2897ff960acbbb8e9d296477c87d0995eb183944ba35be390",
    "https://esm.sh/v102/graphql@16.6.0/type/introspection.d.ts": "07f55b346cc584b7f60257203fe50d26eb88f609f76a4e890a1a36b7e8734d6c",
    "https://esm.sh/v102/graphql@16.6.0/type/scalars.d.ts": "252d65207e62ea620ed3d029d01432b6c33089600a9243e1dc416bd98bf17cd0",
    "https://esm.sh/v102/graphql@16.6.0/type/schema.d.ts": "e20e9dc6352b6f3a2c9a8ed9c32e64c4c21169304f143a1d45d03cdcec63a9d3",
    "https://esm.sh/v102/graphql@16.6.0/type/validate.d.ts": "b8f483899f4839f1e114835758de5e873de74ef5eeb0eb58fbc26a517f641e67",
    "https://esm.sh/v102/graphql@16.6.0/utilities/TypeInfo.d.ts": "b03c27aa5f09538bea6c6560b96871de11b8d039b960ebed18cd614fbadd8142",
    "https://esm.sh/v102/graphql@16.6.0/utilities/assertValidName.d.ts": "a04cddbcc7c0fb9bffaebcead4d8a8bcdd7cf85ed6a81e1182f62f8b7943604f",
    "https://esm.sh/v102/graphql@16.6.0/utilities/astFromValue.d.ts": "15d2318d24385a537ffb7a40b96d7e7d0911fd6a9e1e583ffe3dd4e8228af179",
    "https://esm.sh/v102/graphql@16.6.0/utilities/buildASTSchema.d.ts": "ad11a2133d50f9465e9fcb6f3f3e588aeb7e3304b9f8bd70e762d6fc7a47ccf3",
    "https://esm.sh/v102/graphql@16.6.0/utilities/buildClientSchema.d.ts": "d995470b2818ec46d05ee07a7b281da57965f97f89b94674f4302cf55b97c35e",
    "https://esm.sh/v102/graphql@16.6.0/utilities/coerceInputValue.d.ts": "4335cc780470cc8d6c3f4d2605b9cbdce5b0f0a55d83e1e819298a3e3127cf2d",
    "https://esm.sh/v102/graphql@16.6.0/utilities/concatAST.d.ts": "3c0c5717e388beb392ef2dea8e05f205567359a142450649b7824bf5d24cc268",
    "https://esm.sh/v102/graphql@16.6.0/utilities/extendSchema.d.ts": "b20bfaa02b7a07613671ac97e7e039686b753bb1f3a1dd858040e48d2aa3dc0d",
    "https://esm.sh/v102/graphql@16.6.0/utilities/findBreakingChanges.d.ts": "625759a187b8bb49ae45b267cfe4247645a81622ac21ec4a11505296a69e4639",
    "https://esm.sh/v102/graphql@16.6.0/utilities/getIntrospectionQuery.d.ts": "6c221c8e1f1558589d9b10af54b33271902549d19f55903d8016aa9bb2cfd21e",
    "https://esm.sh/v102/graphql@16.6.0/utilities/getOperationAST.d.ts": "e9e5e409afe16dcc5c77dcad421f9d7b9cf5d306c40eb3fc6d16de3608d7e8dd",
    "https://esm.sh/v102/graphql@16.6.0/utilities/getOperationRootType.d.ts": "394faab9d5e96aa7ca7ae0d1aa8f6631f30b3953c6d103dc60c5e6f399d64d1a",
    "https://esm.sh/v102/graphql@16.6.0/utilities/index.d.ts": "8d17bdce4f6418e849dc36acb526b58616e09a1ca9ae0ff80b19215de5d34a3a",
    "https://esm.sh/v102/graphql@16.6.0/utilities/introspectionFromSchema.d.ts": "026e29e1fdb15c90101e6fc2d0de9c9359f00bed11f59e99dc4f24f27e1a6998",
    "https://esm.sh/v102/graphql@16.6.0/utilities/lexicographicSortSchema.d.ts": "feba0aea7626ea869b66e92c4ebdbe4eebb5ed835ea4bad1560d9cca794fb7aa",
    "https://esm.sh/v102/graphql@16.6.0/utilities/printSchema.d.ts": "b68ade7170ed28e70e60d79daf8481d5c7dc9edc32ef8c701d8eddaa3ce7966d",
    "https://esm.sh/v102/graphql@16.6.0/utilities/separateOperations.d.ts": "f35b4afc17d4f89c4c002e439e5a2158e48607a0e5ec3e0ee3ac24dff16e1e45",
    "https://esm.sh/v102/graphql@16.6.0/utilities/stripIgnoredCharacters.d.ts": "85a10f6044c31c62614926e641224fc517b9f81387480d752aa38ab7144ee65a",
    "https://esm.sh/v102/graphql@16.6.0/utilities/typeComparators.d.ts": "9e5c2253b16fbf40e6ca5e8d1c6296f2fc78b9ef39d6d26b426023b5a46ca413",
    "https://esm.sh/v102/graphql@16.6.0/utilities/typeFromAST.d.ts": "e962d436a30ccbc5d0ec78f1353a9bfdff70dd37be2d78826d170db680a01ab9",
    "https://esm.sh/v102/graphql@16.6.0/utilities/typedQueryDocumentNode.d.ts": "20822a47f9603f6cf1afcb8d03877e7e6df31e35e23512c342da483ae96cdc73",
    "https://esm.sh/v102/graphql@16.6.0/utilities/valueFromAST.d.ts": "d6f0ecc5e81dc587c12ce13b8fabe4cae34e2d48b9e110f870ef0b1da750c56e",
    "https://esm.sh/v102/graphql@16.6.0/utilities/valueFromASTUntyped.d.ts": "1dc2a364d7a9d01551943328d6eb1290fc58cb6752175dfa03b4643f9afd5749",
    "https://esm.sh/v102/graphql@16.6.0/validation/ValidationContext.d.ts": "df3d7794e19fe25a99a059c24a21add7bac20603ced76427d75954c59aa08539",
    "https://esm.sh/v102/graphql@16.6.0/validation/index.d.ts": "fb30d5013548d8523c93e0690e9d22f8bb9860a3642b321540415141a51b55b6",
    "https://esm.sh/v102/graphql@16.6.0/validation/rules/ExecutableDefinitionsRule.d.ts": "8454a6c5b1acda7b347481d7b2af01be949ad11911c4275e1eee715e71c1188f",
    "https://esm.sh/v102/graphql@16.6.0/validation/rules/FieldsOnCorrectTypeRule.d.ts": "c32bf36b240ae9755ac069eda92a3d14dc278e03fd3df427b201ac378be9caf6",
    "https://esm.sh/v102/graphql@16.6.0/validation/rules/FragmentsOnCompositeTypesRule.d.ts": "909c18363f4e5bc40a330ede0ca2ddeddd02b2f35570a34566be91de2b188bae",
    "https://esm.sh/v102/graphql@16.6.0/validation/rules/KnownArgumentNamesRule.d.ts": "69bdeaf020f698af81bee7cbb23a42b7028c252cf364803887ed6eb66897f18a",
    "https://esm.sh/v102/graphql@16.6.0/validation/rules/KnownDirectivesRule.d.ts": "2881fd9456e4140dccae964730d81fd39786fc69b95f8d318f50554acaef3a23",
    "https://esm.sh/v102/graphql@16.6.0/validation/rules/KnownFragmentNamesRule.d.ts": "63e4f51e7bf7239b37f7b4a787aea5a3c1ef907f3704b356e7979cbfae8e9815",
    "https://esm.sh/v102/graphql@16.6.0/validation/rules/KnownTypeNamesRule.d.ts": "2c0e2b1d1490ec2e959629fcb8d527068c8ddf46a741f40ceb83e7819a3954fb",
    "https://esm.sh/v102/graphql@16.6.0/validation/rules/LoneAnonymousOperationRule.d.ts": "105c4808216162b62e9b61b45d473cbaa6325387d15912fda0cd61909336eaf6",
    "https://esm.sh/v102/graphql@16.6.0/validation/rules/LoneSchemaDefinitionRule.d.ts": "120b67b53313e30df5cf33143d9e30952d107c7e24bc156c97a733832bb31627",
    "https://esm.sh/v102/graphql@16.6.0/validation/rules/NoFragmentCyclesRule.d.ts": "3beec9071b14808974fe3be17da00631ea71078cf909a17f6a255f8ba650585d",
    "https://esm.sh/v102/graphql@16.6.0/validation/rules/NoUndefinedVariablesRule.d.ts": "4d7b5f2d27c2d34426ed35823366c152313d431f5ae68189d427439906defa45",
    "https://esm.sh/v102/graphql@16.6.0/validation/rules/NoUnusedFragmentsRule.d.ts": "48a8e4453a82be99c93772c044992a94f5241d89e35cf3ecce00b036fbb69970",
    "https://esm.sh/v102/graphql@16.6.0/validation/rules/NoUnusedVariablesRule.d.ts": "3fe2527b2426e54f2b514e375c6beccd2196949c38c082f35f9634bd5c973d79",
    "https://esm.sh/v102/graphql@16.6.0/validation/rules/OverlappingFieldsCanBeMergedRule.d.ts": "767df82d75672cb6fde6fd1829e0ac01f5be22afc2bc211b42df325020aa0e1e",
    "https://esm.sh/v102/graphql@16.6.0/validation/rules/PossibleFragmentSpreadsRule.d.ts": "5a3eb51ee4c5f2e160d0042dad4ad68d7d174451234702681f1b3be89f167c6a",
    "https://esm.sh/v102/graphql@16.6.0/validation/rules/PossibleTypeExtensionsRule.d.ts": "5e04fa03b9c0f229d8719b56b3edaea30183d9469e9beb5e2eadf7b4d1e0e070",
    "https://esm.sh/v102/graphql@16.6.0/validation/rules/ProvidedRequiredArgumentsRule.d.ts": "58830083d772c62f2da1124b5395fe22d7baa6e0c52760665d10d1320ecdc1d0",
    "https://esm.sh/v102/graphql@16.6.0/validation/rules/ScalarLeafsRule.d.ts": "5310c224710108ffe0f20a1936f68f8c0bd8494d58a7472b2e64032dabb02ff0",
    "https://esm.sh/v102/graphql@16.6.0/validation/rules/SingleFieldSubscriptionsRule.d.ts": "c415e18b205b9c6b8b638e033a1840ffe2c853aad276c625ef40e0a93cb13777",
    "https://esm.sh/v102/graphql@16.6.0/validation/rules/UniqueArgumentDefinitionNamesRule.d.ts": "9cfe1d2a22ab3373008c4facb0e93249c339a022771f9e7148ae8bf746dec306",
    "https://esm.sh/v102/graphql@16.6.0/validation/rules/UniqueArgumentNamesRule.d.ts": "937d36e6fa5e556db03bfc8b7dae2b4084615a3a04fe7bf33c42a9e58cbfe9b1",
    "https://esm.sh/v102/graphql@16.6.0/validation/rules/UniqueDirectiveNamesRule.d.ts": "480f2231f3b4fdba191bc41bcbac419cc52cbbe7254565acc4765b7341178e02",
    "https://esm.sh/v102/graphql@16.6.0/validation/rules/UniqueDirectivesPerLocationRule.d.ts": "8d2ee0da940569765e14aec5643e36fbf704588e8877caa7f4e013be390953b3",
    "https://esm.sh/v102/graphql@16.6.0/validation/rules/UniqueEnumValueNamesRule.d.ts": "ea836d0d64bdcd40863cbaea81fcd27ef2ce25edec199a83566ab8b047adc1cc",
    "https://esm.sh/v102/graphql@16.6.0/validation/rules/UniqueFieldDefinitionNamesRule.d.ts": "1d7799efeba0bcda4b60c69527fb5fd883e3b08cd8a3ff699775954e71e67544",
    "https://esm.sh/v102/graphql@16.6.0/validation/rules/UniqueFragmentNamesRule.d.ts": "f34d55fefbf5d2e8aac8618c0946bda11f9a8c0e0fcd229e0fd23cf333be6b82",
    "https://esm.sh/v102/graphql@16.6.0/validation/rules/UniqueInputFieldNamesRule.d.ts": "77893d504d2dfa4b23da4b782db7be1c87ce0e5bf95b4eee94f99069f5d95149",
    "https://esm.sh/v102/graphql@16.6.0/validation/rules/UniqueOperationNamesRule.d.ts": "7b06a1fbcf59b1e813f4d3ec927577509d1af72fc0992d8b2a8d8d8b1d130f1f",
    "https://esm.sh/v102/graphql@16.6.0/validation/rules/UniqueOperationTypesRule.d.ts": "3b8697a7966e75183c04fb51d52719e8b034862a348c410c959fab67b58186d9",
    "https://esm.sh/v102/graphql@16.6.0/validation/rules/UniqueTypeNamesRule.d.ts": "6d3d34e4b3395dfa9f172765adf8bf43b9f6f5322b964ec259a3f8f08fc34377",
    "https://esm.sh/v102/graphql@16.6.0/validation/rules/UniqueVariableNamesRule.d.ts": "4949aa45d8935bb490af56a3ad22e949c025acf3e3048f92ab7d7f1b6bbe9b79",
    "https://esm.sh/v102/graphql@16.6.0/validation/rules/ValuesOfCorrectTypeRule.d.ts": "4661484bcd29ba1bdc1594d78b680c67d2c7272c543875cc00fa2b266f792944",
    "https://esm.sh/v102/graphql@16.6.0/validation/rules/VariablesAreInputTypesRule.d.ts": "6cf690ecc80ba6ee80295fa603f8784d1d350e5aff714d3395a2a6a01dd95a1d",
    "https://esm.sh/v102/graphql@16.6.0/validation/rules/VariablesInAllowedPositionRule.d.ts": "687e163caf5f10a4be9d741f9cc44b6250e4d2a7be1ce1850dc8ee4fc99c2cd3",
    "https://esm.sh/v102/graphql@16.6.0/validation/rules/custom/NoDeprecatedCustomRule.d.ts": "0976e4bdd8240761f0d9d2fc8508c5c4ca8471da20c146f6f60ea3a3564f536f",
    "https://esm.sh/v102/graphql@16.6.0/validation/rules/custom/NoSchemaIntrospectionCustomRule.d.ts": "2908b5c5454ee19dd83d8993f3189d1428b2954de59a8d672df7e6a8e22e09cb",
    "https://esm.sh/v102/graphql@16.6.0/validation/specifiedRules.d.ts": "077f1d6f6e2ab604af4a0d963e8469c6b7fae98a5b9febbba0e31e75f9b820b5",
    "https://esm.sh/v102/graphql@16.6.0/validation/validate.d.ts": "507246f5474832222d374254f1d802a620e8abca0bf83db425f4585356d5be87",
    "https://esm.sh/v102/graphql@16.6.0/version.d.ts": "78647004e18e4c16b8a2e8345fca9267573d1c5a29e11ddfee71858fd077ef6e"
  }
}
