{
  "version": "2",
  "remote": {
    "https://deno.land/std@0.178.0/_util/asserts.ts": "178dfc49a464aee693a7e285567b3d0b555dc805ff490505a8aae34f9cfb1462",
    "https://deno.land/std@0.178.0/_util/os.ts": "d932f56d41e4f6a6093d56044e29ce637f8dcc43c5a90af43504a889cf1775e3",
    "https://deno.land/std@0.178.0/archive/_common.ts": "3fc6974d41f1d2e55edf839a4574db0b5e6f4f62abb6cc3d2c3ca13eb6d08b07",
    "https://deno.land/std@0.178.0/archive/mod.ts": "8076e214b461fe214de63960271279bbb8d669f434d512fcc75ab1c787335367",
    "https://deno.land/std@0.178.0/archive/tar.ts": "838baf680e545ed780eff41a4a90afff7557f2aec291d0f195d4ab2648b68b5c",
    "https://deno.land/std@0.178.0/archive/untar.ts": "b7bd29929ebc819cb5b7265d1e491e4061e31828b6235e8ff5ad17ddfb77d09e",
    "https://deno.land/std@0.178.0/async/deferred.ts": "42790112f36a75a57db4a96d33974a936deb7b04d25c6084a9fa8a49f135def8",
    "https://deno.land/std@0.178.0/bytes/bytes_list.ts": "b4cbdfd2c263a13e8a904b12d082f6177ea97d9297274a4be134e989450dfa6a",
    "https://deno.land/std@0.178.0/bytes/concat.ts": "d26d6f3d7922e6d663dacfcd357563b7bf4a380ce5b9c2bbe0c8586662f25ce2",
    "https://deno.land/std@0.178.0/bytes/copy.ts": "939d89e302a9761dcf1d9c937c7711174ed74c59eef40a1e4569a05c9de88219",
    "https://deno.land/std@0.178.0/bytes/ends_with.ts": "4228811ebc71615d27f065c54b5e815ec1972538772b0f413c0efe05245b472e",
    "https://deno.land/std@0.178.0/bytes/equals.ts": "b87494ce5442dc786db46f91378100028c402f83a14a2f7bbff6bda7810aefe3",
    "https://deno.land/std@0.178.0/bytes/includes_needle.ts": "76a8163126fb2f8bf86fd7f22192c3bb04bf6a20b987a095127c2ca08adf3ba6",
    "https://deno.land/std@0.178.0/bytes/index_of_needle.ts": "65c939607df609374c4415598fa4dad04a2f14c4d98cd15775216f0aaf597f24",
    "https://deno.land/std@0.178.0/bytes/last_index_of_needle.ts": "7181072883cb4908c6ce8f7a5bb1d96787eef2c2ab3aa94fe4268ab326a53cbf",
    "https://deno.land/std@0.178.0/bytes/mod.ts": "e869bba1e7a2e3a9cc6c2d55471888429a544e70a840c087672e656e7ba21815",
    "https://deno.land/std@0.178.0/bytes/repeat.ts": "6f5e490d8d72bcbf8d84a6bb04690b9b3eb5822c5a11687bca73a2318a842294",
    "https://deno.land/std@0.178.0/bytes/starts_with.ts": "3e607a70c9c09f5140b7a7f17a695221abcc7244d20af3eb47ccbb63f5885135",
    "https://deno.land/std@0.178.0/collections/_utils.ts": "5114abc026ddef71207a79609b984614e66a63a4bda17d819d56b0e72c51527e",
    "https://deno.land/std@0.178.0/collections/deep_merge.ts": "5a8ed29030f4471a5272785c57c3455fa79697b9a8f306013a8feae12bafc99a",
    "https://deno.land/std@0.178.0/encoding/_toml/parser.ts": "a932beaf8e65af821c7ff36ff38f6fde3ab8d24a8a79c7ca6fe2e7a920c39804",
    "https://deno.land/std@0.178.0/encoding/_yaml/dumper/dumper.ts": "49053c293a2250b33f2efc0ce3973280c6dc3bc0b41397af3863b5f03340e01b",
    "https://deno.land/std@0.178.0/encoding/_yaml/dumper/dumper_state.ts": "975a3702752a29251c5746206507dfebbfede60dd2c0dec161dc22633fbc6085",
    "https://deno.land/std@0.178.0/encoding/_yaml/error.ts": "e60ab51d7c0253cf0d1cf7d445202e8e3da5c77aae0032071ba7400121c281b4",
    "https://deno.land/std@0.178.0/encoding/_yaml/loader/loader.ts": "13ec5aecca06b46105c1ca7053c13ef7ea7ab557893a81bc98338a0a532f27fe",
    "https://deno.land/std@0.178.0/encoding/_yaml/loader/loader_state.ts": "fcc82fcdf167acb0e9e5e32b32682e58b45f2d44210bf685794797ccb5621232",
    "https://deno.land/std@0.178.0/encoding/_yaml/mark.ts": "0027d6f62a70a6c64b85bd1751ddf1646ea97edcefbf5bea1706d5e519f4e34f",
    "https://deno.land/std@0.178.0/encoding/_yaml/parse.ts": "63e79582e07145ca1d3205d1ac72b82bf5ce14159dabae195abe7e36de8111bd",
    "https://deno.land/std@0.178.0/encoding/_yaml/schema.ts": "0833c75c59bf72c8a8f96f6c0615bcd98d23fdd9b076657f42b5c1a4f9d972b0",
    "https://deno.land/std@0.178.0/encoding/_yaml/schema/core.ts": "366f56673336ba24f5723c04319efcc7471be5f55d5f8d95c9b4a38ec233d4c6",
    "https://deno.land/std@0.178.0/encoding/_yaml/schema/default.ts": "96e9ed6ead36f53a0832c542fc9b8cca7f8b4a67c1c8424e1423a39ee7154db7",
    "https://deno.land/std@0.178.0/encoding/_yaml/schema/extended.ts": "f9bd75c79ebdfb92a8e167488b6bde7113a31b8fabe20ad7eed0904fba11bcd2",
    "https://deno.land/std@0.178.0/encoding/_yaml/schema/failsafe.ts": "cddcbf0258bbe0cd77ca10e2f5aec13439f50d4068f96aab08ca2d64496dabe8",
    "https://deno.land/std@0.178.0/encoding/_yaml/schema/json.ts": "c86905dfb1b6c4633750bfbb5bd529a30be5c08287ab7eb6694390b40e276487",
    "https://deno.land/std@0.178.0/encoding/_yaml/schema/mod.ts": "051f93dd97a15aaad2da62bd24627e8fd2f02fb026d21567d924b720d606f078",
    "https://deno.land/std@0.178.0/encoding/_yaml/state.ts": "ef03d55ec235d48dcfbecc0ab3ade90bfae69a61094846e08003421c2cf5cfc6",
    "https://deno.land/std@0.178.0/encoding/_yaml/stringify.ts": "426b73e4dbaeed26ed855add3862786d7e374bd4c59e5e1bd9a6fcd5082be3c7",
    "https://deno.land/std@0.178.0/encoding/_yaml/type.ts": "5ded5472a0f17a219ac3b0e90d96dc8472a68654a40258a31e03a6c6297b6788",
    "https://deno.land/std@0.178.0/encoding/_yaml/type/binary.ts": "935d39794420ac3718d26716192239de6a53566c6f2ba5010e8ed26936b94a89",
    "https://deno.land/std@0.178.0/encoding/_yaml/type/bool.ts": "1c99cfbaa94b022575b636a73e1549569b26fc6bbff2cd5e539aa77b49bdf303",
    "https://deno.land/std@0.178.0/encoding/_yaml/type/float.ts": "f60ad19b27050add694bfc255b7efef27103f047861aa657823ff3f6853bad11",
    "https://deno.land/std@0.178.0/encoding/_yaml/type/function.ts": "65a37f6bef43ef141854ee48a1058d9c9c4c80ed6eed6cd35608329a6957e27a",
    "https://deno.land/std@0.178.0/encoding/_yaml/type/int.ts": "892f59bb7b2dbd64dd9b643c17441af95c0b962ad027e454cb84a68864787b86",
    "https://deno.land/std@0.178.0/encoding/_yaml/type/map.ts": "92e647a6aec0dc184ea4b039a77a15883b54da754311189c595b43f6aaa50030",
    "https://deno.land/std@0.178.0/encoding/_yaml/type/merge.ts": "8192bf3e4d637f32567917f48bb276043da9cf729cf594e5ec191f7cd229337e",
    "https://deno.land/std@0.178.0/encoding/_yaml/type/mod.ts": "060e2b3d38725094b77ea3a3f05fc7e671fced8e67ca18e525be98c4aa8f4bbb",
    "https://deno.land/std@0.178.0/encoding/_yaml/type/nil.ts": "606e8f0c44d73117c81abec822f89ef81e40f712258c74f186baa1af659b8887",
    "https://deno.land/std@0.178.0/encoding/_yaml/type/omap.ts": "fbd5da9970c211335ff7c8fa11e9c5e9256e568d52418ac237d1538c5cb0d5e6",
    "https://deno.land/std@0.178.0/encoding/_yaml/type/pairs.ts": "ea487a44c0ae64d8d952779fa1cb5fa0a12f32a0b5d3d1e8c1f06f446448427c",
    "https://deno.land/std@0.178.0/encoding/_yaml/type/regexp.ts": "672000d22a1062d61577d30b218c28f5cb1d039a7a60079fdde6a4e558d5ca51",
    "https://deno.land/std@0.178.0/encoding/_yaml/type/seq.ts": "39b28f7c7aa41263c5c42cab9d184f03555e9ba19493766afc0c0c325a9ac49f",
    "https://deno.land/std@0.178.0/encoding/_yaml/type/set.ts": "0e30a9f750306b514c8ae9869d1ac2548d57beab55b33e85ea9673ca0a08264c",
    "https://deno.land/std@0.178.0/encoding/_yaml/type/str.ts": "a67a3c6e429d95041399e964015511779b1130ea5889fa257c48457bd3446e31",
    "https://deno.land/std@0.178.0/encoding/_yaml/type/timestamp.ts": "706ea80a76a73e48efaeb400ace087da1f927647b53ad6f754f4e06d51af087f",
    "https://deno.land/std@0.178.0/encoding/_yaml/type/undefined.ts": "94a316ca450597ccbc6750cbd79097ad0d5f3a019797eed3c841a040c29540ba",
    "https://deno.land/std@0.178.0/encoding/_yaml/utils.ts": "26b311f0d42a7ce025060bd6320a68b50e52fd24a839581eb31734cd48e20393",
    "https://deno.land/std@0.178.0/encoding/jsonc.ts": "02b86115d2b812f26789481ebcf4748171e8ece6514b60243b3733e2c200876a",
    "https://deno.land/std@0.178.0/encoding/toml.ts": "d11fc659365218035ec1d92c1dfa206718838954a6de7cfc62d0a07ffb19f582",
    "https://deno.land/std@0.178.0/encoding/yaml.ts": "02571d1bbbcfd7c5647789cee872ecf9c1c470e1b1a40948ed219fb661e19d87",
    "https://deno.land/std@0.178.0/flags/mod.ts": "d1cdefa18472ef69858a17df5cf7c98445ed27ac10e1460183081303b0ebc270",
    "https://deno.land/std@0.178.0/fmt/bytes.ts": "f3cdd34c7a5063c296e198cf9b7000774033283d469716e6b7741f4167bdaf46",
    "https://deno.land/std@0.178.0/fmt/colors.ts": "938c5d44d889fb82eff6c358bea8baa7e85950a16c9f6dae3ec3a7a729164471",
    "https://deno.land/std@0.178.0/fmt/printf.ts": "e5b426cd6ad13df5d408e9c375c025d59de30e380c5534715bd892df874ab057",
    "https://deno.land/std@0.178.0/fs/exists.ts": "b8c8a457b71e9d7f29b9d2f87aad8dba2739cbe637e8926d6ba6e92567875f8e",
    "https://deno.land/std@0.178.0/io/buf_reader.ts": "90a7adcb3638d8e1361695cdf844d58bcd97c41711dc6f9f8acc0626ebe097f5",
    "https://deno.land/std@0.178.0/io/buf_writer.ts": "2fcaadd9f157970fede6e79c8ea9a58556d8cf3c8a686c3fcaaf3875460092cc",
    "https://deno.land/std@0.178.0/io/buffer.ts": "e2b7564f684dad625cab08f5106f33572d325705d19a36822b3272fbdfb8f726",
    "https://deno.land/std@0.178.0/io/multi_reader.ts": "5f7ef6e987486322b38c72e206b8fbc8916d55a87fbcdc97a8b2596386c28d44",
    "https://deno.land/std@0.178.0/log/handlers.ts": "38871ecbfa67b0d39dc3384210439ac9a13cba6118b912236f9011b5989b9a4d",
    "https://deno.land/std@0.178.0/log/levels.ts": "6309147664e9e008cd6671610f2505c4c95f181f6bae4816a84b33e0aec66859",
    "https://deno.land/std@0.178.0/log/logger.ts": "257ceb47e3f5f872068073de9809b015a7400e8d86dd40563c1d80169e578f71",
    "https://deno.land/std@0.178.0/log/mod.ts": "36d156ad18de3f1806c6ddafa4965129be99ccafc27f1813de528d65b6c528bf",
    "https://deno.land/std@0.178.0/path/_constants.ts": "e49961f6f4f48039c0dfed3c3f93e963ca3d92791c9d478ac5b43183413136e0",
    "https://deno.land/std@0.178.0/path/_interface.ts": "6471159dfbbc357e03882c2266d21ef9afdb1e4aa771b0545e90db58a0ba314b",
    "https://deno.land/std@0.178.0/path/_util.ts": "d7abb1e0dea065f427b89156e28cdeb32b045870acdf865833ba808a73b576d0",
    "https://deno.land/std@0.178.0/path/common.ts": "ee7505ab01fd22de3963b64e46cff31f40de34f9f8de1fff6a1bd2fe79380000",
    "https://deno.land/std@0.178.0/path/glob.ts": "d479e0a695621c94d3fd7fe7abd4f9499caf32a8de13f25073451c6ef420a4e1",
    "https://deno.land/std@0.178.0/path/mod.ts": "4b83694ac500d7d31b0cdafc927080a53dc0c3027eb2895790fb155082b0d232",
    "https://deno.land/std@0.178.0/path/posix.ts": "8b7c67ac338714b30c816079303d0285dd24af6b284f7ad63da5b27372a2c94d",
    "https://deno.land/std@0.178.0/path/separator.ts": "0fb679739d0d1d7bf45b68dacfb4ec7563597a902edbaf3c59b50d5bcadd93b1",
    "https://deno.land/std@0.178.0/path/win32.ts": "d186344e5583bcbf8b18af416d13d82b35a317116e6460a5a3953508c3de5bba",
    "https://deno.land/std@0.178.0/streams/_common.ts": "f45cba84f0d813de3326466095539602364a9ba521f804cc758f7a475cda692d",
    "https://deno.land/std@0.178.0/streams/buffer.ts": "7e7676c29e0e72f6821c3b5fede2540886a216bb91c849bb5db20bb82a01d8a1",
    "https://deno.land/std@0.178.0/streams/byte_slice_stream.ts": "cf5785b0d9223ebb51fcf6679d881dfaf614c3b288fb4577b511b6f7801a01aa",
    "https://deno.land/std@0.178.0/streams/copy.ts": "de0de21701d8cceba84ca01d9731c77f4b3597bb9de6a1b08f32250353feeae8",
    "https://deno.land/std@0.178.0/streams/delimiter_stream.ts": "de8f822a1c394cdb805a97e364400955cd1757cc282d932b4040a0f78fba3b5f",
    "https://deno.land/std@0.178.0/streams/early_zip_readable_streams.ts": "64828085be5812ec5f4896c10b59f14e5a322b2c0439be9331dde332ae9c91de",
    "https://deno.land/std@0.178.0/streams/iterate_reader.ts": "06491ed8f1bb1c619abbfa04c10b173ff95a93e51fe5037b7c1ad0b5cc01fc7d",
    "https://deno.land/std@0.178.0/streams/limited_bytes_transform_stream.ts": "3bc04143b8b91a923f5ee81a3c618b6606ac7da66ccbcde62a67aaa0375cbc71",
    "https://deno.land/std@0.178.0/streams/limited_transform_stream.ts": "b336f5d649a06e35e2692849e3682a673bb32531738443eb2ce9f57538722f75",
    "https://deno.land/std@0.178.0/streams/merge_readable_streams.ts": "5d6302888f4bb0616dafb5768771be0aec9bedc05fbae6b3d726d05ffbec5b15",
    "https://deno.land/std@0.178.0/streams/mod.ts": "c07ec010e700b9ea887dc36ca08729828bc7912f711e4054e24d33fd46282252",
    "https://deno.land/std@0.178.0/streams/read_all.ts": "bfa220b0e1d06fa4d0cb5178baba8f8b466019a7411511982bfa2320ca292815",
    "https://deno.land/std@0.178.0/streams/readable_stream_from_iterable.ts": "cae337ddafd2abc5e3df699ef2af888ac04091f12732ae658448fba2c7b187e8",
    "https://deno.land/std@0.178.0/streams/readable_stream_from_reader.ts": "9aceaeefa9e04b08f56b2d07272baedc3b6432840b66198d72fa2ada3e6608ea",
    "https://deno.land/std@0.178.0/streams/reader_from_iterable.ts": "05f7759b9336fd4c233d9daadf92aec9a7d2c07a05986da466a935cec2dd79d9",
    "https://deno.land/std@0.178.0/streams/reader_from_stream_reader.ts": "3fda9390ec8520c8a9ea2aba2579208b18880a7663d7a9feec8f193b7af14e41",
    "https://deno.land/std@0.178.0/streams/text_delimiter_stream.ts": "ee216316360366c3744197f5665a066a25e6baa8cfe836fbe9a0033e079e089e",
    "https://deno.land/std@0.178.0/streams/text_line_stream.ts": "a9dd2636c6b90e626e19df26c97034c5f638bdd957cbd5c531d6278fe1d08e90",
    "https://deno.land/std@0.178.0/streams/to_transform_stream.ts": "31c8cce967a2f602be5f164973a5c6cedd4c76e1d2fbc22ae0081b084f73fb0e",
    "https://deno.land/std@0.178.0/streams/writable_stream_from_writer.ts": "0320b759aa343f9f4f58b014fe301d9a7abcbfb8413d260502a885995e6a0776",
    "https://deno.land/std@0.178.0/streams/write_all.ts": "3b2e1ce44913f966348ce353d02fa5369e94115181037cd8b602510853ec3033",
    "https://deno.land/std@0.178.0/streams/writer_from_stream_writer.ts": "31126a6bf2e678c5a718011d4831dbe75dbdbd885965d3dbd5dd105e6f20f976",
    "https://deno.land/std@0.178.0/streams/zip_readable_streams.ts": "9eb82070d83055fe6f077192fb204dc7612695a4b330148e9aa376df1a65e708",
    "https://deno.land/std@0.178.0/types.d.ts": "220ed56662a0bd393ba5d124aa6ae2ad36a00d2fcbc0e8666a65f4606aaa9784",
    "https://deno.land/std@0.51.0/fs/eol.ts": "4a0b2a612e0639b76d9c5fab0392e7bf1a158a7dab191ff7b7564870a1173812",
    "https://deno.land/x/ansi@1.0.1/clear.ts": "444d83749bd171a38e77a7a7d5d270bbf84fbb0ea21f0a62e60c931a11f2bfc1",
    "https://deno.land/x/ansi@1.0.1/constants.ts": "aa51274a1402e017e043f544542e895880eadd67cca3e424884ed228813144bb",
    "https://deno.land/x/ansi@1.0.1/cursor.ts": "cbba999f0f87865401490541e1bf098573491d1c6be411852eaed58f4e39716a",
    "https://deno.land/x/ansi@1.0.1/erase.ts": "50fc48023cf65e7a3ac8305be535955133b6d9d44184d8b9f3dfa5251113716c",
    "https://deno.land/x/ansi@1.0.1/link.ts": "9dff91f666747f09f9c7a58f7d02781142483003bab6fe44612e2081f93dd2ac",
    "https://deno.land/x/ansi@1.0.1/mod.ts": "10a10101feb7da0e565214f725a3d8e79b3e4a2d8cb22cdeaba1a21a53889945",
    "https://deno.land/x/ansi@1.0.1/scroll.ts": "071a30cbd84b66de2eb24752ef97ceff475a2fc22aa2f6283baaa904208bda69",
    "https://deno.land/x/fastest_levenshtein@1.0.10/mod.ts": "aea49d54b6bb37082b2377da2ea068331da07b2a515621d8eff97538b7157b40",
    "https://deno.land/x/ini@v2.1.0/ini.ts": "e63611ed544b8fbd96391b3a6c39d4d7e1867f9f785b75ded2a095c81f4f1da7",
    "https://deno.land/x/ini@v2.1.0/mod.ts": "00d31f79fbc3266b2fbe76a1067ba8641c4d57ac2b62aea2e5330e388cd82342",
    "https://deno.land/x/keypress@0.0.10/mod.ts": "5aad592873a019bd3192b29d41a86105af94acf323acc4b8f48a2d6fb36fef4d",
    "https://deno.land/x/ms@v0.1.0/ms.ts": "13014fdf12808df48f6e557cc3be22d24db5b8e29b687d710f9012df3428d2c8",
    "https://deno.land/x/sentry_deno@v0.2.2/main.ts": "c45cc4a347148f89a7a5c574ccfb9802e6c6e807d8f85eb8329e630dbd5ae22b",
    "https://deno.land/x/sentry_deno@v0.2.2/packages/browser/src/client.ts": "b98d86adc9e6fa53ba973850db759e3f0146aa799050ec913fe32377a28d3315",
    "https://deno.land/x/sentry_deno@v0.2.2/packages/browser/src/eventbuilder.ts": "6d2e9b21d0c7a8e90309454b45c66b962268e9adee81f270ffaf0e5e57b36443",
    "https://deno.land/x/sentry_deno@v0.2.2/packages/browser/src/exports.ts": "5adfbce2706229f74b7e486080209e90a06e5b517ab1773c0a051a8cb1a416a9",
    "https://deno.land/x/sentry_deno@v0.2.2/packages/browser/src/helpers.ts": "0bec0dc21a952e7aeac2965547f2f5aaee58b8350214bd4632f9f9f5abb08ae9",
    "https://deno.land/x/sentry_deno@v0.2.2/packages/browser/src/integrations/breadcrumbs.ts": "038524af829071ac2e81b3d508b764cd22ad9921fc47879a68e05d6565864d86",
    "https://deno.land/x/sentry_deno@v0.2.2/packages/browser/src/integrations/dedupe.ts": "b62a5ba7946153f636d850e06220c3a7cc099d4ba7ca3adb9018ef6fd3f467ce",
    "https://deno.land/x/sentry_deno@v0.2.2/packages/browser/src/integrations/globalhandlers.ts": "daba7901721ef2ed03e93cc23d94999e189cfae1240ed83e6b61925a9837612a",
    "https://deno.land/x/sentry_deno@v0.2.2/packages/browser/src/integrations/httpcontext.ts": "6bf6fc42cf30c25bbcf11f233e6e2b5f5a38569b62719cd7b7382aba3b2fa189",
    "https://deno.land/x/sentry_deno@v0.2.2/packages/browser/src/integrations/index.ts": "3ccfdec8e20ab65efed683a270cc7de3be8ed6c80790cd9d94ead31b9a11b231",
    "https://deno.land/x/sentry_deno@v0.2.2/packages/browser/src/integrations/linkederrors.ts": "13f3a770fe11763b03da00fec33e9ef9d4b957f651b4a4c6cd804d5faac0f665",
    "https://deno.land/x/sentry_deno@v0.2.2/packages/browser/src/integrations/trycatch.ts": "7917e27050c5be5da968267d3e47fd1f314f974a3848a271433baf07a5efba7e",
    "https://deno.land/x/sentry_deno@v0.2.2/packages/browser/src/sdk.ts": "cc364548da04ce20729383f4e81c7a70d949637eb463cf281d37a38cc538ed05",
    "https://deno.land/x/sentry_deno@v0.2.2/packages/browser/src/stack-parsers.ts": "0a99d44a8070fb33583fd0a65900312ef3782844958b41cb1b6f6e16cbeb1c0a",
    "https://deno.land/x/sentry_deno@v0.2.2/packages/browser/src/transports/fetch.ts": "15ab9a100354c6c09e1136891c8975344a6866dabed100b9b8c1fcf9d3dee1e4",
    "https://deno.land/x/sentry_deno@v0.2.2/packages/browser/src/transports/index.ts": "21ad93bf8aeb8708e30e6d8b869f7c8bde3ca71ed5c3c4acb3ccbe3a6bc09e82",
    "https://deno.land/x/sentry_deno@v0.2.2/packages/browser/src/transports/types.ts": "04d05b28f76a9258ee93c18d8fb54ca6e3bda0d5e12ae9cf39df51a5b9f08e9d",
    "https://deno.land/x/sentry_deno@v0.2.2/packages/browser/src/transports/utils.ts": "ee1f33e7ffd55070470107be2a432fbe3245c9db10fa71eaab882d81e0c59cc9",
    "https://deno.land/x/sentry_deno@v0.2.2/packages/core/src/api.ts": "440d127669147b40b281a429fc9c0d6214b662fc5af5b23c0abeb50ee5873ce3",
    "https://deno.land/x/sentry_deno@v0.2.2/packages/core/src/baseclient.ts": "8181012b02d2180fd05f12ca34d4a11598de933ac66f6c836d2daad913074047",
    "https://deno.land/x/sentry_deno@v0.2.2/packages/core/src/envelope.ts": "f57fa4ec8e822ef2afe95492edf06713f6ffbc39e48e585aa5778cca8c6024ac",
    "https://deno.land/x/sentry_deno@v0.2.2/packages/core/src/index.ts": "214e967b13ce672dfc436c7a306089d3debc7e8bb16269b34bd526929494d1b6",
    "https://deno.land/x/sentry_deno@v0.2.2/packages/core/src/integration.ts": "0a44e2529df5fe2e9b547755be9e0652a1644fcc7638648fd346379d76e1b2d6",
    "https://deno.land/x/sentry_deno@v0.2.2/packages/core/src/integrations/functiontostring.ts": "36d03a73aa78e9248063aff8fa4c78b7a8055f26a645b962260e1aceac8d85cd",
    "https://deno.land/x/sentry_deno@v0.2.2/packages/core/src/integrations/inboundfilters.ts": "143fbb0b71583e5394ae461c47106c2741b4091638d34ecfb30d63a35cc51392",
    "https://deno.land/x/sentry_deno@v0.2.2/packages/core/src/integrations/index.ts": "51a7497d7f1298fb42868d75fdfded5563a8d551e3a602e73c1da3a17d0be669",
    "https://deno.land/x/sentry_deno@v0.2.2/packages/core/src/sdk.ts": "8025fe24518e8a3c182be0c1ecae71df56a09b79ad398fd8094ce45c30e5c7a5",
    "https://deno.land/x/sentry_deno@v0.2.2/packages/core/src/transports/base.ts": "8b0f86fad85760d83fdfe5c7b1890149a1ee2b403e24647f59ac5cce7fea7931",
    "https://deno.land/x/sentry_deno@v0.2.2/packages/core/src/version.ts": "e47175d4defafc5da7cd655947b84a931dfdc0df3a3998a82d9740034ca8f42e",
    "https://deno.land/x/sentry_deno@v0.2.2/packages/hub/src/exports.ts": "35bd58e04e99d7708267a06116c9ea7a0cb71bfd046bccba00a4f5d2eaff35d4",
    "https://deno.land/x/sentry_deno@v0.2.2/packages/hub/src/hub.ts": "6564ee18261ed68be611f2bc312d6e71f2b29d010841f62ffa3e1564fe4f5ff0",
    "https://deno.land/x/sentry_deno@v0.2.2/packages/hub/src/index.ts": "24374fcf28ca6a9fcf5ae5eb4ee97f151c7610fb3daed3f827bacbe9fa286808",
    "https://deno.land/x/sentry_deno@v0.2.2/packages/hub/src/scope.ts": "64397bc260c7f781843afc18c5082bf0cb054b3ea3e6e99b52283d49975394ee",
    "https://deno.land/x/sentry_deno@v0.2.2/packages/hub/src/session.ts": "de25bca9b90f04436452402a1acbdb7f00eb2461d7bc28734d17a31ef29a21fd",
    "https://deno.land/x/sentry_deno@v0.2.2/packages/hub/src/sessionflusher.ts": "4ff4a7eab06cbffdea5b1c798330d10759ff59e8d147eca464c28c68de0ca83a",
    "https://deno.land/x/sentry_deno@v0.2.2/packages/types/src/attachment.ts": "2d5001983078a357429e7746302a04b8fe510d6e6a18f840b7daa36ffc48e5d9",
    "https://deno.land/x/sentry_deno@v0.2.2/packages/types/src/baggage.ts": "d37c1de56235a85da1c4e935ae1df2aed69b9eb929b24a6f79ddfcc4fe6ff408",
    "https://deno.land/x/sentry_deno@v0.2.2/packages/types/src/breadcrumb.ts": "9ea47e90bade43abb7d7c442b5b643ac87111e60670595b896415d1a8500659e",
    "https://deno.land/x/sentry_deno@v0.2.2/packages/types/src/client.ts": "103856a82cf5e7e48c00443256080ce35bc2825f74ffe548e7455d99fd1fce52",
    "https://deno.land/x/sentry_deno@v0.2.2/packages/types/src/clientreport.ts": "fc67fba1f5a5d066d0553b585eddcf44ef228b70ac0f49e95afc464242dd961d",
    "https://deno.land/x/sentry_deno@v0.2.2/packages/types/src/context.ts": "6005d10093fb21cb0c73582e1e0dbff0d5521f0f32697659b92ed89b96ff45be",
    "https://deno.land/x/sentry_deno@v0.2.2/packages/types/src/datacategory.ts": "db2719d2984fc9a23890d37eca8795ccc0d8189cfced2de5f32b506c9fcfada3",
    "https://deno.land/x/sentry_deno@v0.2.2/packages/types/src/debugMeta.ts": "a4880defcb54610f3c1f719c80018bfb82e451f0342a5154b8bdc8526ff62f55",
    "https://deno.land/x/sentry_deno@v0.2.2/packages/types/src/dsn.ts": "f71719b1903d1ea1af9c9a2d159ebc245afe9efe78ed32163df3ef5adcf2d225",
    "https://deno.land/x/sentry_deno@v0.2.2/packages/types/src/envelope.ts": "a7fc2c47dd6406791b70b5359ad86cf783a4843214c53175c9ad487b1f01a26a",
    "https://deno.land/x/sentry_deno@v0.2.2/packages/types/src/error.ts": "1988a79aed9153368997a5cf2ee0ac4b52861752cb1eccb0fd01636f162619c1",
    "https://deno.land/x/sentry_deno@v0.2.2/packages/types/src/event.ts": "cc7aad579ad6641725a95c27e96cc4fd83dfa768e5878219f640c3f971cdc3d5",
    "https://deno.land/x/sentry_deno@v0.2.2/packages/types/src/eventprocessor.ts": "81e4e7c2c78064155f3aad515749272a5c3918f2991252a0b392289d9de94120",
    "https://deno.land/x/sentry_deno@v0.2.2/packages/types/src/exception.ts": "c207ffb4abf0cc6781d8ad5df2e154704d97e103c39bb3ca8f594690404e49f6",
    "https://deno.land/x/sentry_deno@v0.2.2/packages/types/src/extra.ts": "0c5c15c6fa329c0c3020d2b9bfd4626a372baedb0f943c5f8b5731fab802da4e",
    "https://deno.land/x/sentry_deno@v0.2.2/packages/types/src/globals.ts": "0ee2aceb5e63eaf47551031dc5dfeac20d11496fd9b4a4051a241c24e72f1326",
    "https://deno.land/x/sentry_deno@v0.2.2/packages/types/src/hub.ts": "f70a0350c6d11052bbe02244ec9fdca8a2f14e01e5031f68fbcb720511c68018",
    "https://deno.land/x/sentry_deno@v0.2.2/packages/types/src/index.ts": "86dcdba1fd94c49b06a238626f44c1712d47868c0fd82d714f19d19465a54077",
    "https://deno.land/x/sentry_deno@v0.2.2/packages/types/src/integration.ts": "85736c5b608b620a35cbbb79b23f7ecc492a6fd1aff843c80d08ca18c0d5f818",
    "https://deno.land/x/sentry_deno@v0.2.2/packages/types/src/measurement.ts": "2d798a1a798102e04b7d30b24ab3789396405764cad3340957d564fee9500944",
    "https://deno.land/x/sentry_deno@v0.2.2/packages/types/src/mechanism.ts": "57fe6c4c9eaff383c11160dc7fb7c1a0a69f43abfdace03560dbeb6e37e757b5",
    "https://deno.land/x/sentry_deno@v0.2.2/packages/types/src/misc.ts": "a282307f14fb03d052dc414611651f2b12f4d060b2ca2bbfaa0d4bff393da5de",
    "https://deno.land/x/sentry_deno@v0.2.2/packages/types/src/options.ts": "fcef81363734ee6145b219346fcce563774da233ccc7b7e41fefca623e1d8cd8",
    "https://deno.land/x/sentry_deno@v0.2.2/packages/types/src/package.ts": "2a0f22f6df6e60f05d5261f7cbb0008ecf1b7e32fb056c8cbe6d9d9eab6553b6",
    "https://deno.land/x/sentry_deno@v0.2.2/packages/types/src/polymorphics.ts": "a0a6bb6a3e87a451de96ceba25b27553f119a517e35eae4e7fc232df1f88b837",
    "https://deno.land/x/sentry_deno@v0.2.2/packages/types/src/request.ts": "ead10bc8ce9873139bcc5751b6665ab247d549cf16c9489d70d31fc2aabdb7e8",
    "https://deno.land/x/sentry_deno@v0.2.2/packages/types/src/runtime.ts": "32c3ac0fa99dfc0800d2a463afee2c8f67a9ded8c1e246888bbf9e55ede5fac9",
    "https://deno.land/x/sentry_deno@v0.2.2/packages/types/src/scope.ts": "fc49b0fb2b3adb7e2b36a4901c8c13bab62486cf2b7a1263c45fb09663d29f53",
    "https://deno.land/x/sentry_deno@v0.2.2/packages/types/src/sdkinfo.ts": "15130cde814d2a78f4c0e0aef63017704a56fdf56bb19dcd9807df0b31ffd0cf",
    "https://deno.land/x/sentry_deno@v0.2.2/packages/types/src/sdkmetadata.ts": "75fdb54c1cfaee0df8fd0ac67e048de89b80b2749f868b25c2f5a0d7c8a306ce",
    "https://deno.land/x/sentry_deno@v0.2.2/packages/types/src/session.ts": "f90d584e264a68a044103ba0f240a03343511cc9b981acb1fdf952db333ef24b",
    "https://deno.land/x/sentry_deno@v0.2.2/packages/types/src/severity.ts": "7526074fa3a0b8bf591e2db221e853ed0f1b8dcc3edc6d0c5d40b490938183b2",
    "https://deno.land/x/sentry_deno@v0.2.2/packages/types/src/span.ts": "3b92173f46c1d0d97e9c7ff75fab92cc4bd7866ef8b1763158824dea3ff3c06e",
    "https://deno.land/x/sentry_deno@v0.2.2/packages/types/src/stackframe.ts": "13286bd8ca9f610feb2a7953ef7ef68fb7631a67ab2609fcf382af270c1770e4",
    "https://deno.land/x/sentry_deno@v0.2.2/packages/types/src/stacktrace.ts": "627cf0debd048e7ad61c6b97882357bd06a45a5e1ccf883bdbf5d88c2e7110d4",
    "https://deno.land/x/sentry_deno@v0.2.2/packages/types/src/textencoder.ts": "2ad716b3371cc05228fe2671fa8459c3201cbb0ff2fbc88248c108edf259de3d",
    "https://deno.land/x/sentry_deno@v0.2.2/packages/types/src/thread.ts": "4d1369ed30ea2128ecf5a81c54f60ae5463fb89bf356eae318d83eac7558d34d",
    "https://deno.land/x/sentry_deno@v0.2.2/packages/types/src/transaction.ts": "ad73f31903fe694ac5aab20635385a015dd063b9527c24d34fb6a3c89233da31",
    "https://deno.land/x/sentry_deno@v0.2.2/packages/types/src/transport.ts": "4e8f7220218416328ce498d71995d9be75fb2567ef92bc421557dc212d93a7e0",
    "https://deno.land/x/sentry_deno@v0.2.2/packages/types/src/user.ts": "aeb09ef84e1455c2acb3b801106bd0fb9bea7ffffda91f5c8a6a34d08e69c96e",
    "https://deno.land/x/sentry_deno@v0.2.2/packages/types/src/wrappedfunction.ts": "d81bc1a28b937a6b021c4d3b5e4045a7a2ef82c2a6b4ddf5221c688d9fe0da50",
    "https://deno.land/x/sentry_deno@v0.2.2/packages/utils/src/baggage.ts": "63fece1ea1792f163dcbe26643f2ca29fef04a03d7f2747a37a3d39f47e96cdd",
    "https://deno.land/x/sentry_deno@v0.2.2/packages/utils/src/browser.ts": "30255098c379bd88d6969fe8e1d61971b4be4d75f1e829af34bdabf41dca8524",
    "https://deno.land/x/sentry_deno@v0.2.2/packages/utils/src/clientreport.ts": "3c5fc1333b55b583ef90a637cddc4f24f90bc3cca03ea4117f387a6bc3283e93",
    "https://deno.land/x/sentry_deno@v0.2.2/packages/utils/src/dsn.ts": "5a95d42c753c0f51367321e7657384d479cfefb8cc1389231361c85a22f4a7b8",
    "https://deno.land/x/sentry_deno@v0.2.2/packages/utils/src/env.ts": "410b0cf3aae09206e7b95e51f155f940118f18ce28dc09ffcbe2844eff6d69ec",
    "https://deno.land/x/sentry_deno@v0.2.2/packages/utils/src/envelope.ts": "224653f2aa4256c557a633bcaab020ee916dcedc8353bbcccc114d42da205b36",
    "https://deno.land/x/sentry_deno@v0.2.2/packages/utils/src/error.ts": "d1993f32b6f7a02a932d360aa2ab801776030360a453e4dc4c342c00631bea3e",
    "https://deno.land/x/sentry_deno@v0.2.2/packages/utils/src/global.ts": "74d19badb0d9460887e55bbf3dc8d88137b9c4175b5d58905ff5016f6a6785e8",
    "https://deno.land/x/sentry_deno@v0.2.2/packages/utils/src/index.ts": "446f9c5b5ee389e403ca9e19bf9480153ef78a9fecd0d5a66c0be4fb066a99e1",
    "https://deno.land/x/sentry_deno@v0.2.2/packages/utils/src/instrument.ts": "3c0cd92040ec94fec64c7d5165a673ba32aa8bd7123a9b1545e65ec9d27ee801",
    "https://deno.land/x/sentry_deno@v0.2.2/packages/utils/src/is.ts": "5467ab6056e0b19242d64331bc2849fb0ff91c97b7b4394408ba890263d67ede",
    "https://deno.land/x/sentry_deno@v0.2.2/packages/utils/src/logger.ts": "47ad2698444c2a877f924bb736b9e70fefbbb3160d096dd00b7adf88cf143add",
    "https://deno.land/x/sentry_deno@v0.2.2/packages/utils/src/memo.ts": "bc0756c2aa4be30643c53c20c9c81d357b4b5162d071496be5b09734b5a1801f",
    "https://deno.land/x/sentry_deno@v0.2.2/packages/utils/src/misc.ts": "ba17f8d4b8b225b51c5e15c1045d058ee66bd68a6130696cef9d5d2a9c28a5cf",
    "https://deno.land/x/sentry_deno@v0.2.2/packages/utils/src/node.ts": "0d4befa008208c25f2554798b3abb1efdb3cf89af83f2dc3a6463a92869419b9",
    "https://deno.land/x/sentry_deno@v0.2.2/packages/utils/src/normalize.ts": "89e1f1932939af84679a5340737a14f131b12def378d1cb54896a1c563e34afb",
    "https://deno.land/x/sentry_deno@v0.2.2/packages/utils/src/object.ts": "32a1a3ebce9f0d44e746829126639cf72864b43e0d9ba1675d004a27c14809d6",
    "https://deno.land/x/sentry_deno@v0.2.2/packages/utils/src/path.ts": "6590ec3f87f2a73e5853541e3a92a770990b3e0bc2370df85c0a6c1ecfe47762",
    "https://deno.land/x/sentry_deno@v0.2.2/packages/utils/src/promisebuffer.ts": "13e89fe5c2bc92f6a726194f003ee7e093e2f36f000e3f7d3ab9fbabf6a30c4a",
    "https://deno.land/x/sentry_deno@v0.2.2/packages/utils/src/ratelimit.ts": "5ec71d7be6088734873194d8de3affdf609e611a08ff181e7d486f00f7bfe4cf",
    "https://deno.land/x/sentry_deno@v0.2.2/packages/utils/src/requestdata.ts": "1f8380be3856a5fea665251e003eb8dd35c528fea0cf1706c8b71f05f11f0c01",
    "https://deno.land/x/sentry_deno@v0.2.2/packages/utils/src/severity.ts": "9c069040798311b998f1cdf91be0c1f6e0c10b0b5aa27f0253e10e0f1b7b4710",
    "https://deno.land/x/sentry_deno@v0.2.2/packages/utils/src/stacktrace.ts": "83a8e400ec5d8f6c658ab576d2876342ae536453ddbe93125b81ae901b2f1cf6",
    "https://deno.land/x/sentry_deno@v0.2.2/packages/utils/src/string.ts": "87c08617acab26d86a4f1dab059c9e231debeea11f8cca36c7b90ec7613dbcf5",
    "https://deno.land/x/sentry_deno@v0.2.2/packages/utils/src/supports.ts": "feacf639ea9df7a60f08787dd5d1fb511d8fea2ea7e8f3064fe6f136efaf0c09",
    "https://deno.land/x/sentry_deno@v0.2.2/packages/utils/src/syncpromise.ts": "5dc2cdf5f0dddeb5e22f6de6e592d2b3f1df20f4df2cba3b51fb0e96894b002a",
    "https://deno.land/x/sentry_deno@v0.2.2/packages/utils/src/time.ts": "e31dc9398c698f7ca603c390acd7aaeaaf8fc8b992f65628a36a5a8541d9a1bb",
    "https://deno.land/x/sentry_deno@v0.2.2/packages/utils/src/tracing.ts": "f68ec7c0a76340e3dbaf83cd5d30fb4733260970f8fde66a3b7427a1a98aec93",
    "https://deno.land/x/zcli@1.3.2/args.ts": "66cacf5219d207e8af2583d7f947cc1d5f2241130b6e4bb723de2ea208c2f466",
    "https://deno.land/x/zcli@1.3.2/command.ts": "013c5ee8087463b134dea81f1b069dd4758fe29faefa9e7ca0b2a5fd64021dcf",
    "https://deno.land/x/zcli@1.3.2/completion.ts": "ccc086cc01030da70e8fe5c26313afd2afe0ef85c719622caceadaae60d96ebb",
    "https://deno.land/x/zcli@1.3.2/completions/bash.ts": "47097077189ada9b4d9ae445c32a3f07182df4b653f185a8200f1a35020d8933",
    "https://deno.land/x/zcli@1.3.2/completions/fish.ts": "60b8316efa97946ee60e0aaf554cf9aecf09c9fafd84b7384118b404076d28e8",
    "https://deno.land/x/zcli@1.3.2/completions/shared.ts": "23ac441b008ed1249dd9a80a1cb326184746c5666148c5a3f075412277cb68de",
    "https://deno.land/x/zcli@1.3.2/completions/zsh.ts": "2781bbd7c70e9d91b06889ff3599164b2764e79945db62b9d5b173ca206a1e35",
    "https://deno.land/x/zcli@1.3.2/config.ts": "b88cc24453cfb4a5824c77d8c1842340800b9218fc7d8bd3e1760b50f22780ae",
    "https://deno.land/x/zcli@1.3.2/env.ts": "3a56402620547a7c01e583d3903c991d263bda224cef8ca3113b66a1ecf175b5",
    "https://deno.land/x/zcli@1.3.2/flags-parser.ts": "4acc3e80a72ccf2e8e9553abb01daf9d9ba0e767f9df5704ebeca992ba7f0c0e",
    "https://deno.land/x/zcli@1.3.2/flags.ts": "5313bf93b3a6b9fc9cb2bd536151f173cf962b51d791afdda1ff4198dcf3fc20",
    "https://deno.land/x/zcli@1.3.2/fmt.ts": "d6fbf4a7a86f4da6392e75c0b8d9cce7b53dbbcdacad39a65e1b3a2520e4ddea",
    "https://deno.land/x/zcli@1.3.2/help.ts": "8588c14e0eb5aa2e38b786cb6f9016791b0d225d5b885a0c9a00d260dcc7647e",
    "https://deno.land/x/zcli@1.3.2/init.ts": "fd3c25367bfa6e0353a321e41d89632982a9be1ebbc69daa2ddd414cb9be4d5d",
    "https://deno.land/x/zcli@1.3.2/intl.ts": "ed467959a86265f10e49235f1820d3973e8de6c4a4102514164d570a54685ad2",
    "https://deno.land/x/zcli@1.3.2/kv.ts": "0aa4bd91d3321918ecbb00daf19691a3f0f3d309be05cf219e53d49c4743afae",
    "https://deno.land/x/zcli@1.3.2/lib/dedent.ts": "0da88eeb519338eec8185ad150dc83b5b37e145b70164ef8c24787563da70158",
    "https://deno.land/x/zcli@1.3.2/lib/did-you-mean.ts": "63eca9126c8f18b4d7a6d144b73f5d6b8172ddf159e18a2bd58876a803b831e0",
    "https://deno.land/x/zcli@1.3.2/lib/shorten.ts": "a245549ae04c3bf3310ef0be887bdccc89c3d19d3310aac61ffc51bf48bd9cf0",
    "https://deno.land/x/zcli@1.3.2/lib/simple-table.ts": "79ecad21cdc43846f9e34c804c38cd34623ed74aa01d3a0fbb08f28f219aa9ba",
    "https://deno.land/x/zcli@1.3.2/lib/text-encoder.ts": "ad6e7d6f78778033a1aa96b9f1cc2612e8a938090588bb2b3c0c9e66f5fa1984",
    "https://deno.land/x/zcli@1.3.2/lib/types.ts": "3aae439314da2694a8093a55bd4666dfb4505a3abda7b7c989a327ac4b54c314",
    "https://deno.land/x/zcli@1.3.2/lib/write-iterable.ts": "942fe1e96f936af6d3c5b6d70cc5272bef0d36fb81e4276282e45b9fa4d97022",
    "https://deno.land/x/zcli@1.3.2/locale.ts": "dff20b9968f5d0058a07412e09536c8983520219422e374c5bfd6c366e6d65d3",
    "https://deno.land/x/zcli@1.3.2/mod.ts": "bdf98129a4f2d5b9e4d1446e252765f3c0df64289b5094b3c7cc287b42ebee12",
    "https://deno.land/x/zcli@1.3.2/version.ts": "793bc7245ccefda0f924017b2d973ec4258519c6b89b75f1f2ad91c3966ce3aa",
    "https://deno.land/x/zcli@1.3.2/z.ts": "cf013bc9e7bcba8cefba8b97db188f6373823994a140366ee6125b3b057a4e3b",
    "https://deno.land/x/zcli@1.3.2/zcli-json.ts": "183fb19a28a1c20998b25efc6279d004b7ecd4ba52e8806b1f32255986a00574",
    "https://deno.land/x/zcli@1.3.2/zod-proxy.ts": "b5cb0c33445e7170c0c021340a6ce45747df76662d0d76ba4eeb6e606ffab115",
    "https://deno.land/x/zod@v3.20.5/ZodError.ts": "10bb0d014b0ece532c3bc395c50ae25996315a5897c0216517d9174c2fb570b5",
    "https://deno.land/x/zod@v3.20.5/errors.ts": "5285922d2be9700cc0c70c95e4858952b07ae193aa0224be3cbd5cd5567eabef",
    "https://deno.land/x/zod@v3.20.5/external.ts": "a6cfbd61e9e097d5f42f8a7ed6f92f93f51ff927d29c9fbaec04f03cbce130fe",
    "https://deno.land/x/zod@v3.20.5/helpers/enumUtil.ts": "54efc393cc9860e687d8b81ff52e980def00fa67377ad0bf8b3104f8a5bf698c",
    "https://deno.land/x/zod@v3.20.5/helpers/errorUtil.ts": "7a77328240be7b847af6de9189963bd9f79cab32bbc61502a9db4fe6683e2ea7",
    "https://deno.land/x/zod@v3.20.5/helpers/parseUtil.ts": "51a76c126ee212be86013d53a9d07f87e9ae04bb1496f2558e61b62cb74a6aa8",
    "https://deno.land/x/zod@v3.20.5/helpers/partialUtil.ts": "8dc921a02b47384cf52217c7e539268daf619f89319b75bdf13ea178815725df",
    "https://deno.land/x/zod@v3.20.5/helpers/typeAliases.ts": "0fda31a063c6736fc3cf9090dd94865c811dfff4f3cb8707b932bf937c6f2c3e",
    "https://deno.land/x/zod@v3.20.5/helpers/util.ts": "0e7366354b1a5070408c1c48d01c7e33d374ca70806f5003b12ff527795c578c",
    "https://deno.land/x/zod@v3.20.5/index.ts": "035a7422d9f2be54daa0fe464254b69225b443000673e4794095d672471e8792",
    "https://deno.land/x/zod@v3.20.5/locales/en.ts": "ac7210faad6e67ec4f6dbe7062886f04db79ce91ae5ee6c9f64cbdf6221bc80e",
    "https://deno.land/x/zod@v3.20.5/mod.ts": "64e55237cb4410e17d968cd08975566059f27638ebb0b86048031b987ba251c4",
    "https://deno.land/x/zod@v3.20.5/types.ts": "6ddc4608e70d75f2e06f9cc14aa406df4d80f420c0eef64f2f02d429853c0c38",
    "https://esm.sh/v107/@types/json-schema@7.0.11/index.d.ts": "f3e604694b624fa3f83f6684185452992088f5efb2cf136b62474aa106d6f1b6",
    "https://esm.sh/v107/zod-to-json-schema@3.20.2/deno/zod-to-json-schema.js": "02074c74c8522a2aab2bbc9de527784087934658e6462761eb5154d53423a248",
    "https://esm.sh/v107/zod-to-json-schema@3.20.2/index.d.ts": "6a35cd9a2721b5bc26e2b4fda01d1c56f788a41ba7558fede42340c4a72a97be",
    "https://esm.sh/v107/zod-to-json-schema@3.20.2/src/Options.d.ts": "5272b1cb136171d7f206fdbc2ba501c357ea0f59fcb6908ab629390ddb3ec87e",
    "https://esm.sh/v107/zod-to-json-schema@3.20.2/src/Refs.d.ts": "ee6787259cdcc301d699e79a4a5255fbc6ba1275b781b7a10426b0b8141ae7c6",
    "https://esm.sh/v107/zod-to-json-schema@3.20.2/src/errorMessages.d.ts": "793758266c2149213de4b43f0b923c88da356b2084aed96acb233c9b5791b369",
    "https://esm.sh/v107/zod-to-json-schema@3.20.2/src/parseDef.d.ts": "67092b94437034dfcc9c86918d9af9f8bf7d0f3b9a624c7c71ad75f50b9ee35d",
    "https://esm.sh/v107/zod-to-json-schema@3.20.2/src/parsers/any.d.ts": "ba739758560a9b3e696095df9b04ac5d9d76acb11e98e06e73b7a86cbffe4207",
    "https://esm.sh/v107/zod-to-json-schema@3.20.2/src/parsers/array.d.ts": "2ca6eb061b94616e84a87c47d8da8f983148d1801fefe64f632cc0496a4a9554",
    "https://esm.sh/v107/zod-to-json-schema@3.20.2/src/parsers/bigint.d.ts": "8e982f3df4c7b027d54e52cf02acb25f2ccf33cadd27c8a7865c1cd6a1958211",
    "https://esm.sh/v107/zod-to-json-schema@3.20.2/src/parsers/boolean.d.ts": "0e8edbe744dfc3ce65e9fa2283f1f0eb2c0aaaec4df19765f51c346e45452cda",
    "https://esm.sh/v107/zod-to-json-schema@3.20.2/src/parsers/date.d.ts": "2041c577c7ba7bf4c71d98b79b955c0dae8aec82b800bd403f71416962ebf43a",
    "https://esm.sh/v107/zod-to-json-schema@3.20.2/src/parsers/enum.d.ts": "c7702e7129eebc52cdf9a5c00425c01fcfdaf7b2ce54ca2bf952a8f1224c6fa2",
    "https://esm.sh/v107/zod-to-json-schema@3.20.2/src/parsers/intersection.d.ts": "ecc9b07a29f727ca765bf642316a7aa4323c6d478280314ba97a04cd7998a040",
    "https://esm.sh/v107/zod-to-json-schema@3.20.2/src/parsers/literal.d.ts": "e499c0ec38b85d5acd27c3f110dd89854343f703926345baecc86a089e082b75",
    "https://esm.sh/v107/zod-to-json-schema@3.20.2/src/parsers/map.d.ts": "ac95b75fbbb22b16d4e5582522cba9be5913d3fe3a7b7a58b46c1d518a6a0c8a",
    "https://esm.sh/v107/zod-to-json-schema@3.20.2/src/parsers/nativeEnum.d.ts": "220458b009a16b5c6ec6be191ede388d8e44d6030c6ec633d48f9d955244abf0",
    "https://esm.sh/v107/zod-to-json-schema@3.20.2/src/parsers/never.d.ts": "adb05565c81b408a97cee9201c8539dda075c30dffce0d4ec226e5050f36bfa4",
    "https://esm.sh/v107/zod-to-json-schema@3.20.2/src/parsers/null.d.ts": "2007d407fb8742049ecaeac0b4c5a4c78619b64a6abb56250e65f5375ca1bbb1",
    "https://esm.sh/v107/zod-to-json-schema@3.20.2/src/parsers/nullable.d.ts": "0233a9167f2c91eece3f256ce55f8953b6867060e67cf17e4c981348b3c41e3d",
    "https://esm.sh/v107/zod-to-json-schema@3.20.2/src/parsers/number.d.ts": "ea48ddc2a75e803506e54e35130a18385f00eabb1c26b3e61f3d4fe14b3ca4fe",
    "https://esm.sh/v107/zod-to-json-schema@3.20.2/src/parsers/object.d.ts": "cbd01247780ca420f1f2bcad1df8fbb381d0c0d1ec9d0517abeb0f10619aab3b",
    "https://esm.sh/v107/zod-to-json-schema@3.20.2/src/parsers/record.d.ts": "bae4a0a7c9ddeae0f1a2d3a35acd7328a2be22f3875215b16ef8aa617a6d9f4b",
    "https://esm.sh/v107/zod-to-json-schema@3.20.2/src/parsers/set.d.ts": "3e7d05f4d024a5b2f5911043be573b4f41392afd41717e5ff5176c1d665d3b1b",
    "https://esm.sh/v107/zod-to-json-schema@3.20.2/src/parsers/string.d.ts": "cece6e7b359c7d89fbfbb0af76b5999dd5d2fde61e5d4200f85522b775c281d6",
    "https://esm.sh/v107/zod-to-json-schema@3.20.2/src/parsers/tuple.d.ts": "8d56e5d52946e12723d3a3ee833f8527cc11b01d437ac316a67b8bb7b8951cbf",
    "https://esm.sh/v107/zod-to-json-schema@3.20.2/src/parsers/undefined.d.ts": "3a56da695cfddd03aee7835adf8934e4f357cc9bac59ea534cd282aba668b566",
    "https://esm.sh/v107/zod-to-json-schema@3.20.2/src/parsers/union.d.ts": "90d8d9c993b3b1f8bf6e414f91f7785fedf10d05d5cc495a0d00799a45486202",
    "https://esm.sh/v107/zod-to-json-schema@3.20.2/src/parsers/unknown.d.ts": "ba3886b9e5b3bd32588d57421988aeeea94afe40227334edc5d45fb0c5367c9d",
    "https://esm.sh/v107/zod-to-json-schema@3.20.2/src/zodToJsonSchema.d.ts": "1ae2d6ed651b2e12c024dcc4ab6ca37290a1bd97fd2c2a41b8e4b217e2cdbdfd",
    "https://esm.sh/v107/zod@3.20.6/deno/zod.js": "2d5b4bc60fcf79cc63f09f71c95a8323bfe158e242ca85d03583210163c5d87d",
    "https://esm.sh/v107/zod@3.20.6/index.d.ts": "b51c954b9557b1dcb03b2bf34cd136e710cb9aa276e686cac0e291249590a52a",
    "https://esm.sh/v107/zod@3.20.6/lib/ZodError.d.ts": "41277322d45d95e8a1b3f28bf7afb5ba1bced52aa5d1915679dac1eb96f62124",
    "https://esm.sh/v107/zod@3.20.6/lib/errors.d.ts": "5ec2790f877581637c058eb5bbb72e855a078620d0781d2a6a8f308fe1d5436f",
    "https://esm.sh/v107/zod@3.20.6/lib/external.d.ts": "91cec2fe1e1fb2574812a29a57ad2c39a1e69b0fa1179547382c92649fc5c66e",
    "https://esm.sh/v107/zod@3.20.6/lib/helpers/enumUtil.d.ts": "f672c876c1a04a223cf2023b3d91e8a52bb1544c576b81bf64a8fec82be9969c",
    "https://esm.sh/v107/zod@3.20.6/lib/helpers/errorUtil.d.ts": "98a9cc18f661d28e6bd31c436e1984f3980f35e0f0aa9cf795c54f8ccb667ffe",
    "https://esm.sh/v107/zod@3.20.6/lib/helpers/parseUtil.d.ts": "d3dbfc2f2fbf2c1bdea72db72f9f5c95d2ca5b4d32c9e229764ebaba0920203c",
    "https://esm.sh/v107/zod@3.20.6/lib/helpers/partialUtil.d.ts": "7da6f1e431746c5364ebe6703f5d3a844ab0495e2a8cedc0a29cced52d6284a1",
    "https://esm.sh/v107/zod@3.20.6/lib/helpers/typeAliases.d.ts": "5487b97cfa28b26b4a9ef0770f872bdbebd4c46124858de00f242c3eed7519f4",
    "https://esm.sh/v107/zod@3.20.6/lib/helpers/util.d.ts": "bb98c05ae5cb9bd7cb7ad76fe517251a661787a6f24337b842f47faf393f79c7",
    "https://esm.sh/v107/zod@3.20.6/lib/index.d.ts": "0f86f053aecd06054359e146b6cd800fee9bf82905f8afb47f1fe774fd37311e",
    "https://esm.sh/v107/zod@3.20.6/lib/locales/en.d.ts": "f8ec1611afb8d132c6c71822718805866890cf2071025153af97508eff24e4b6",
    "https://esm.sh/v107/zod@3.20.6/lib/types.d.ts": "d3482d1c02b58d90e165efcffae944185b183addd5dd3e287347694655a9102d",
    "https://esm.sh/zod-to-json-schema@3.20.2": "ea382caa537539b7fb7c286e680d791d3ab45cb084a91257db686d63d66d7fe4"
  },
  "npm": {
    "specifiers": {
      "openapi-typescript": "openapi-typescript@6.1.1"
    },
    "packages": {
      "@nodelib/fs.scandir@2.1.5": {
        "integrity": "sha512-vq24Bq3ym5HEQm2NKCr3yXDwjc7vTsEThRDnkp2DK9p1uqLR+DHurm/NOTo0KG7HYHU7eppKZj3MyqYuMBf62g==",
        "dependencies": {
          "@nodelib/fs.stat": "@nodelib/fs.stat@2.0.5",
          "run-parallel": "run-parallel@1.2.0"
        }
      },
      "@nodelib/fs.stat@2.0.5": {
        "integrity": "sha512-RkhPPp2zrqDAQA/2jNhnztcPAlv64XdhIp7a7454A5ovI7Bukxgt7MX7udwAu3zg1DcpPU0rz3VV1SeaqvY4+A==",
        "dependencies": {}
      },
      "@nodelib/fs.walk@1.2.8": {
        "integrity": "sha512-oGB+UxlgWcgQkgwo8GcEGwemoTFt3FIO9ababBmaGwXIoBKZ+GTy0pP185beGg7Llih/NSHSV2XAs1lnznocSg==",
        "dependencies": {
          "@nodelib/fs.scandir": "@nodelib/fs.scandir@2.1.5",
          "fastq": "fastq@1.15.0"
        }
      },
      "ansi-colors@4.1.3": {
        "integrity": "sha512-/6w/C21Pm1A7aZitlI5Ni/2J6FFQN8i1Cvz3kHABAAbw93v/NlvKdVOqz7CCWz/3iv/JplRSEEZ83XION15ovw==",
        "dependencies": {}
      },
      "argparse@2.0.1": {
        "integrity": "sha512-8+9WqebbFzpX9OR+Wa6O29asIogeRMzcGtAINdpMHHyAg10f05aSFVBbcEqGf/PXw1EjAZ+q2/bEBg3DvurK3Q==",
        "dependencies": {}
      },
      "braces@3.0.2": {
        "integrity": "sha512-b8um+L1RzM3WDSzvhm6gIz1yfTbBt6YTlcEKAvsmqCZZFw46z626lVj9j1yEPW33H5H+lBQpZMP1k8l+78Ha0A==",
        "dependencies": {
          "fill-range": "fill-range@7.0.1"
        }
      },
      "busboy@1.6.0": {
        "integrity": "sha512-8SFQbg/0hQ9xy3UNTB0YEnsNBbWfhf7RtnzpL7TkBiTBRfrQ9Fxcnz7VJsleJpyp6rVLvXiuORqjlHi5q+PYuA==",
        "dependencies": {
          "streamsearch": "streamsearch@1.1.0"
        }
      },
      "fast-glob@3.2.12": {
        "integrity": "sha512-DVj4CQIYYow0BlaelwK1pHl5n5cRSJfM60UA0zK891sVInoPri2Ekj7+e1CT3/3qxXenpI+nBBmQAcJPJgaj4w==",
        "dependencies": {
          "@nodelib/fs.stat": "@nodelib/fs.stat@2.0.5",
          "@nodelib/fs.walk": "@nodelib/fs.walk@1.2.8",
          "glob-parent": "glob-parent@5.1.2",
          "merge2": "merge2@1.4.1",
          "micromatch": "micromatch@4.0.5"
        }
      },
      "fastq@1.15.0": {
        "integrity": "sha512-wBrocU2LCXXa+lWBt8RoIRD89Fi8OdABODa/kEnyeyjS5aZO5/GNvI5sEINADqP/h8M29UHTHUb53sUu5Ihqdw==",
        "dependencies": {
          "reusify": "reusify@1.0.4"
        }
      },
      "fill-range@7.0.1": {
        "integrity": "sha512-qOo9F+dMUmC2Lcb4BbVvnKJxTPjCm+RRpe4gDuGrzkL7mEVl/djYSu2OdQ2Pa302N4oqkSg9ir6jaLWJ2USVpQ==",
        "dependencies": {
          "to-regex-range": "to-regex-range@5.0.1"
        }
      },
      "glob-parent@5.1.2": {
        "integrity": "sha512-AOIgSQCepiJYwP3ARnGx+5VnTu2HBYdzbGP45eLw1vr3zB3vZLeyed1sC9hnbcOc9/SrMyM5RPQrkGz4aS9Zow==",
        "dependencies": {
          "is-glob": "is-glob@4.0.3"
        }
      },
      "is-extglob@2.1.1": {
        "integrity": "sha512-SbKbANkN603Vi4jEZv49LeVJMn4yGwsbzZworEoyEiutsN3nJYdbO36zfhGJ6QEDpOZIFkDtnq5JRxmvl3jsoQ==",
        "dependencies": {}
      },
      "is-glob@4.0.3": {
        "integrity": "sha512-xelSayHH36ZgE7ZWhli7pW34hNbNl8Ojv5KVmkJD4hBdD3th8Tfk9vYasLM+mXWOZhFkgZfxhLSnrwRr4elSSg==",
        "dependencies": {
          "is-extglob": "is-extglob@2.1.1"
        }
      },
      "is-number@7.0.0": {
        "integrity": "sha512-41Cifkg6e8TylSpdtTpeLVMqvSBEVzTttHvERD741+pnZ8ANv0004MRL43QKPDlK9cGvNp6NZWZUBlbGXYxxng==",
        "dependencies": {}
      },
      "js-yaml@4.1.0": {
        "integrity": "sha512-wpxZs9NoxZaJESJGIZTyDEaYpl0FKSA+FB9aJiyemKhMwkxQg63h4T1KJgUGHpTqPDNRcmmYLugrRjJlBtWvRA==",
        "dependencies": {
          "argparse": "argparse@2.0.1"
        }
      },
      "merge2@1.4.1": {
        "integrity": "sha512-8q7VEgMJW4J8tcfVPy8g09NcQwZdbwFEqhe/WZkoIzjn/3TGDwtOCYtXGxA3O8tPzpczCCDgv+P2P5y00ZJOOg==",
        "dependencies": {}
      },
      "micromatch@4.0.5": {
        "integrity": "sha512-DMy+ERcEW2q8Z2Po+WNXuw3c5YaUSFjAO5GsJqfEl7UjvtIuFKO6ZrKvcItdy98dwFI2N1tg3zNIdKaQT+aNdA==",
        "dependencies": {
          "braces": "braces@3.0.2",
          "picomatch": "picomatch@2.3.1"
        }
      },
      "openapi-typescript@6.1.1": {
        "integrity": "sha512-KKoe2ZfALfMRo7hbi7T7fP6hr7770l6/FbwGPNMCLwMj4gYqLIGf49bR2gnPrCDQG1XbC65M8XGCnvF/E+aI9g==",
        "dependencies": {
          "ansi-colors": "ansi-colors@4.1.3",
          "fast-glob": "fast-glob@3.2.12",
          "js-yaml": "js-yaml@4.1.0",
          "supports-color": "supports-color@9.3.1",
          "undici": "undici@5.20.0",
          "yargs-parser": "yargs-parser@21.1.1"
        }
      },
      "picomatch@2.3.1": {
        "integrity": "sha512-JU3teHTNjmE2VCGFzuY8EXzCDVwEqB2a8fsIvwaStHhAWJEeVd1o1QD80CU6+ZdEXXSLbSsuLwJjkCBWqRQUVA==",
        "dependencies": {}
      },
      "queue-microtask@1.2.3": {
        "integrity": "sha512-NuaNSa6flKT5JaSYQzJok04JzTL1CA6aGhv5rfLW3PgqA+M2ChpZQnAC8h8i4ZFkBS8X5RqkDBHA7r4hej3K9A==",
        "dependencies": {}
      },
      "reusify@1.0.4": {
        "integrity": "sha512-U9nH88a3fc/ekCF1l0/UP1IosiuIjyTh7hBvXVMHYgVcfGvt897Xguj2UOLDeI5BG2m7/uwyaLVT6fbtCwTyzw==",
        "dependencies": {}
      },
      "run-parallel@1.2.0": {
        "integrity": "sha512-5l4VyZR86LZ/lDxZTR6jqL8AFE2S0IFLMP26AbjsLVADxHdhB/c0GUsH+y39UfCi3dzz8OlQuPmnaJOMoDHQBA==",
        "dependencies": {
          "queue-microtask": "queue-microtask@1.2.3"
        }
      },
      "streamsearch@1.1.0": {
        "integrity": "sha512-Mcc5wHehp9aXz1ax6bZUyY5afg9u2rv5cqQI3mRrYkGC8rW2hM02jWuwjtL++LS5qinSyhj2QfLyNsuc+VsExg==",
        "dependencies": {}
      },
      "supports-color@9.3.1": {
        "integrity": "sha512-knBY82pjmnIzK3NifMo3RxEIRD9E0kIzV4BKcyTZ9+9kWgLMxd4PrsTSMoFQUabgRBbF8KOLRDCyKgNV+iK44Q==",
        "dependencies": {}
      },
      "to-regex-range@5.0.1": {
        "integrity": "sha512-65P7iz6X5yEr1cwcgvQxbbIw7Uk3gOy5dIdtZ4rDveLqhrdJP+Li/Hx6tyK0NEb+2GCyneCMJiGqrADCSNk8sQ==",
        "dependencies": {
          "is-number": "is-number@7.0.0"
        }
      },
      "undici@5.20.0": {
        "integrity": "sha512-J3j60dYzuo6Eevbawwp1sdg16k5Tf768bxYK4TUJRH7cBM4kFCbf3mOnM/0E3vQYXvpxITbbWmBafaDbxLDz3g==",
        "dependencies": {
          "busboy": "busboy@1.6.0"
        }
      },
      "yargs-parser@21.1.1": {
        "integrity": "sha512-tVpsJW7DdjecAiFpbIB1e3qxIQsE6NoPc5/eTdrbbIC4h0LVsWhnoa3g+m2HclBIujHzsxZ4VJVA+GUuc2/LBw==",
        "dependencies": {}
      }
    }
  }
}
